
Microsoft Visual Studio Solution File, Format Version 12.00
# Visual Studio Version 17
VisualStudioVersion = 17.13.35825.156
MinimumVisualStudioVersion = 10.0.40219.1
Project("{2150E333-8FDC-42A3-9474-1A3956D46DE8}") = "Chapter01", "Chapter01", "{DDB4EF12-CC4E-5E88-E6FC-71A802F4DE97}"
EndProject
Project("{FAE04EC0-301F-11D3-BF4B-00C04F79EFBC}") = "ProductSample", "Chapter01\ProductSample\ProductSample.csproj", "{EA59C7FD-CD0E-40BE-9DC7-3C139E02534D}"
EndProject
Project("{2150E333-8FDC-42A3-9474-1A3956D46DE8}") = "Chapter02", "Chapter02", "{1607FF0C-7744-468F-B255-91FA0E716DB2}"
EndProject
Project("{FAE04EC0-301F-11D3-BF4B-00C04F79EFBC}") = "DistanceConverter", "Chapter02\DistanceConverter\DistanceConverter.csproj", "{50843B7D-AAED-4E1D-AC7E-161E3D422D4A}"
EndProject
Project("{2150E333-8FDC-42A3-9474-1A3956D46DE8}") = "演習問題", "演習問題", "{85FBF1B9-A406-4678-9688-1C4C96C11B84}"
EndProject
Project("{FAE04EC0-301F-11D3-BF4B-00C04F79EFBC}") = "Exercise02", "Chapter02\演習問題\Exercise02\Exercise02.csproj", "{2EA8AD4E-9035-4D96-B38D-C250D74708FE}"
EndProject
Project("{2150E333-8FDC-42A3-9474-1A3956D46DE8}") = "距離換算プログラム", "距離換算プログラム", "{F422F3E4-E895-42E6-BA82-0107F1B7A285}"
EndProject
Project("{2150E333-8FDC-42A3-9474-1A3956D46DE8}") = "FormApps", "FormApps", "{15893D59-87F3-4173-A21A-446B21F9F542}"
EndProject
Project("{FAE04EC0-301F-11D3-BF4B-00C04F79EFBC}") = "UnitConverter", "FormApps\UnitConverter\UnitConverter.csproj", "{10D6F543-9A40-4BC6-AA18-1E29C43E8BAA}"
EndProject
Project("{FAE04EC0-301F-11D3-BF4B-00C04F79EFBC}") = "StopWatch", "FormApps\StopWatch\StopWatch.csproj", "{B964E54C-32A7-47B6-82EB-DF0DAD338127}"
EndProject
Global
	GlobalSection(SolutionConfigurationPlatforms) = preSolution
		Debug|Any CPU = Debug|Any CPU
		Release|Any CPU = Release|Any CPU
	EndGlobalSection
	GlobalSection(ProjectConfigurationPlatforms) = postSolution
		{EA59C7FD-CD0E-40BE-9DC7-3C139E02534D}.Debug|Any CPU.ActiveCfg = Debug|Any CPU
		{EA59C7FD-CD0E-40BE-9DC7-3C139E02534D}.Debug|Any CPU.Build.0 = Debug|Any CPU
		{EA59C7FD-CD0E-40BE-9DC7-3C139E02534D}.Release|Any CPU.ActiveCfg = Release|Any CPU
		{EA59C7FD-CD0E-40BE-9DC7-3C139E02534D}.Release|Any CPU.Build.0 = Release|Any CPU
		{50843B7D-AAED-4E1D-AC7E-161E3D422D4A}.Debug|Any CPU.ActiveCfg = Debug|Any CPU
		{50843B7D-AAED-4E1D-AC7E-161E3D422D4A}.Debug|Any CPU.Build.0 = Debug|Any CPU
		{50843B7D-AAED-4E1D-AC7E-161E3D422D4A}.Release|Any CPU.ActiveCfg = Release|Any CPU
		{50843B7D-AAED-4E1D-AC7E-161E3D422D4A}.Release|Any CPU.Build.0 = Release|Any CPU
		{2EA8AD4E-9035-4D96-B38D-C250D74708FE}.Debug|Any CPU.ActiveCfg = Debug|Any CPU
		{2EA8AD4E-9035-4D96-B38D-C250D74708FE}.Debug|Any CPU.Build.0 = Debug|Any CPU
		{2EA8AD4E-9035-4D96-B38D-C250D74708FE}.Release|Any CPU.ActiveCfg = Release|Any CPU
		{2EA8AD4E-9035-4D96-B38D-C250D74708FE}.Release|Any CPU.Build.0 = Release|Any CPU
		{10D6F543-9A40-4BC6-AA18-1E29C43E8BAA}.Debug|Any CPU.ActiveCfg = Debug|Any CPU
		{10D6F543-9A40-4BC6-AA18-1E29C43E8BAA}.Debug|Any CPU.Build.0 = Debug|Any CPU
		{10D6F543-9A40-4BC6-AA18-1E29C43E8BAA}.Release|Any CPU.ActiveCfg = Release|Any CPU
		{10D6F543-9A40-4BC6-AA18-1E29C43E8BAA}.Release|Any CPU.Build.0 = Release|Any CPU
		{B964E54C-32A7-47B6-82EB-DF0DAD338127}.Debug|Any CPU.ActiveCfg = Debug|Any CPU
		{B964E54C-32A7-47B6-82EB-DF0DAD338127}.Debug|Any CPU.Build.0 = Debug|Any CPU
		{B964E54C-32A7-47B6-82EB-DF0DAD338127}.Release|Any CPU.ActiveCfg = Release|Any CPU
		{B964E54C-32A7-47B6-82EB-DF0DAD338127}.Release|Any CPU.Build.0 = Release|Any CPU
	EndGlobalSection
	GlobalSection(SolutionProperties) = preSolution
		HideSolutionNode = FALSE
	EndGlobalSection
	GlobalSection(NestedProjects) = preSolution
		{EA59C7FD-CD0E-40BE-9DC7-3C139E02534D} = {DDB4EF12-CC4E-5E88-E6FC-71A802F4DE97}
		{50843B7D-AAED-4E1D-AC7E-161E3D422D4A} = {F422F3E4-E895-42E6-BA82-0107F1B7A285}
		{85FBF1B9-A406-4678-9688-1C4C96C11B84} = {1607FF0C-7744-468F-B255-91FA0E716DB2}
		{2EA8AD4E-9035-4D96-B38D-C250D74708FE} = {85FBF1B9-A406-4678-9688-1C4C96C11B84}
		{F422F3E4-E895-42E6-BA82-0107F1B7A285} = {1607FF0C-7744-468F-B255-91FA0E716DB2}
		{10D6F543-9A40-4BC6-AA18-1E29C43E8BAA} = {15893D59-87F3-4173-A21A-446B21F9F542}
		{B964E54C-32A7-47B6-82EB-DF0DAD338127} = {15893D59-87F3-4173-A21A-446B21F9F542}
	EndGlobalSection
	GlobalSection(ExtensibilityGlobals) = postSolution
		SolutionGuid = {2DA1D154-3454-413C-A2A1-9919FFF561C9}
	EndGlobalSection
EndGlobal
