
Microsoft Visual Studio Solution File, Format Version 12.00
# Visual Studio Version 17
VisualStudioVersion = 17.13.35825.156
MinimumVisualStudioVersion = 10.0.40219.1
Project("{2150E333-8FDC-42A3-9474-1A3956D46DE8}") = "Chapter01", "Chapter01", "{DDB4EF12-CC4E-5E88-E6FC-71A802F4DE97}"
EndProject
Project("{FAE04EC0-301F-11D3-BF4B-00C04F79EFBC}") = "ProductSample", "Chapter01\ProductSample\ProductSample.csproj", "{EA59C7FD-CD0E-40BE-9DC7-3C139E02534D}"
EndProject
Project("{2150E333-8FDC-42A3-9474-1A3956D46DE8}") = "Chapter02", "Chapter02", "{1607FF0C-7744-468F-B255-91FA0E716DB2}"
EndProject
Project("{FAE04EC0-301F-11D3-BF4B-00C04F79EFBC}") = "DistanceConverter", "Chapter02\DistanceConverter\DistanceConverter.csproj", "{50843B7D-AAED-4E1D-AC7E-161E3D422D4A}"
EndProject
Project("{2150E333-8FDC-42A3-9474-1A3956D46DE8}") = "演習問題", "演習問題", "{85FBF1B9-A406-4678-9688-1C4C96C11B84}"
EndProject
Project("{FAE04EC0-301F-11D3-BF4B-00C04F79EFBC}") = "Exercise02", "Chapter02\演習問題\Exercise02\Exercise02.csproj", "{2EA8AD4E-9035-4D96-B38D-C250D74708FE}"
EndProject
Project("{2150E333-8FDC-42A3-9474-1A3956D46DE8}") = "距離換算プログラム", "距離換算プログラム", "{F422F3E4-E895-42E6-BA82-0107F1B7A285}"
EndProject
Project("{2150E333-8FDC-42A3-9474-1A3956D46DE8}") = "FormApps", "FormApps", "{15893D59-87F3-4173-A21A-446B21F9F542}"
EndProject
Project("{FAE04EC0-301F-11D3-BF4B-00C04F79EFBC}") = "UnitConverter", "FormApps\UnitConverter\UnitConverter.csproj", "{10D6F543-9A40-4BC6-AA18-1E29C43E8BAA}"
EndProject
Project("{FAE04EC0-301F-11D3-BF4B-00C04F79EFBC}") = "StopWatch", "FormApps\StopWatch\StopWatch.csproj", "{B964E54C-32A7-47B6-82EB-DF0DAD338127}"
EndProject
Project("{2150E333-8FDC-42A3-9474-1A3956D46DE8}") = "売り上げ集計プログラム", "売り上げ集計プログラム", "{0922088E-A7FE-406B-9AE3-AFE0C469135F}"
EndProject
Project("{FAE04EC0-301F-11D3-BF4B-00C04F79EFBC}") = "SalesCalculator", "Chapter02\SslesCalculator\SalesCalculator.csproj", "{17A89C66-7998-4AD1-A506-C7EFE0CE4AE6}"
EndProject
Project("{FAE04EC0-301F-11D3-BF4B-00C04F79EFBC}") = "Exercise01", "Chapter02\演習問題\Exercise01\Exercise01.csproj", "{697FEC80-DE5F-F167-2E9C-702E7D330C53}"
EndProject
Project("{2150E333-8FDC-42A3-9474-1A3956D46DE8}") = "Chapter03", "Chapter03", "{75BD9E9E-512D-4035-9925-C81D27E947CE}"
EndProject
Project("{FAE04EC0-301F-11D3-BF4B-00C04F79EFBC}") = "Section01", "Chapter03\Section01\Section01.csproj", "{8FDA2681-A4D0-43A4-AC70-3BD1750E2E73}"
EndProject
Project("{FAE04EC0-301F-11D3-BF4B-00C04F79EFBC}") = "Section04", "Chapter03\Section04\Section04.csproj", "{B236897A-26BA-4240-AB48-DE7EDC7106D9}"
EndProject
Project("{2150E333-8FDC-42A3-9474-1A3956D46DE8}") = "Chapter04", "Chapter04", "{36F8F5FD-8CA1-4CE0-95D9-DBA9D229E25A}"
EndProject
Project("{2150E333-8FDC-42A3-9474-1A3956D46DE8}") = "演習問題", "演習問題", "{2167973D-DF2B-435E-8428-5F5F6BA98CE6}"
EndProject
Project("{FAE04EC0-301F-11D3-BF4B-00C04F79EFBC}") = "Section04", "Chapter04\Section04\Section04.csproj", "{3A95A141-AAD8-CCAB-6F75-1E63A7123829}"
EndProject
Project("{FAE04EC0-301F-11D3-BF4B-00C04F79EFBC}") = "Exercise01", "Chapter04\演習問題\Exercise01\Exercise01.csproj", "{94DD345E-7CED-4741-C3E7-505B445CE161}"
EndProject
Project("{2150E333-8FDC-42A3-9474-1A3956D46DE8}") = "演習問題", "演習問題", "{D902C94D-7BC0-4CA8-B150-B4EF951E9925}"
EndProject
Project("{FAE04EC0-301F-11D3-BF4B-00C04F79EFBC}") = "Exercise02", "\\172.16.42.1\学生\2024_情報システム\オブジェクト指向プログラミングⅠ\前回休んだ人\Chapter03\演習問題\Exercise02\Exercise02.csproj", "{43782E45-CEDB-2C9D-3C85-2E5DAB9E8549}"
EndProject
Project("{2150E333-8FDC-42A3-9474-1A3956D46DE8}") = "LINQ", "LINQ", "{2883D5B9-823A-4C9B-A557-F2C59AA98AA8}"
EndProject
Project("{FAE04EC0-301F-11D3-BF4B-00C04F79EFBC}") = "LinqSample", "LINQ\LinqSample\LinqSample.csproj", "{4A20A7E5-42BB-490F-975D-87C8AD09088C}"
EndProject
Project("{2150E333-8FDC-42A3-9474-1A3956D46DE8}") = "Chapter07", "Chapter07", "{C93A4505-1AF7-4D39-9215-EA105846594C}"
EndProject
Project("{2150E333-8FDC-42A3-9474-1A3956D46DE8}") = "演習問題", "演習問題", "{AA6FF88A-293A-4FD8-8CD7-B6D256A8B1B9}"
EndProject
Project("{FAE04EC0-301F-11D3-BF4B-00C04F79EFBC}") = "Exercise01", "Chapter07\演習問題\Exercise01\Exercise01.csproj", "{01DE8084-27C1-4C82-9307-CB7CB39632BB}"
EndProject
Project("{FAE04EC0-301F-11D3-BF4B-00C04F79EFBC}") = "Exercise02", "\\172.16.42.1\学生\2024_情報システム\オブジェクト指向プログラミングⅠ\前回休んだ人\Chapter04\演習問題\Exercise02\Exercise02.csproj", "{2A3DB665-792A-EF1C-FE4D-1D7C7D679BB4}"
EndProject
Project("{FAE04EC0-301F-11D3-BF4B-00C04F79EFBC}") = "Section01", "Chapter07\Section01\Section01.csproj", "{3E0DCF73-78D3-492A-BAC2-1636C4651D21}"
EndProject
Project("{FAE04EC0-301F-11D3-BF4B-00C04F79EFBC}") = "Section05", "Chapter07\Section05\Section05.csproj", "{F278F24B-E071-43BA-876B-7E4BD3D2ECCA}"
EndProject
Project("{FAE04EC0-301F-11D3-BF4B-00C04F79EFBC}") = "Exercise02", "Chapter07\演習問題\Exercise02\Exercise02.csproj", "{674FCD7E-82B2-47D0-92EC-A0EE17785C5E}"
EndProject
Project("{2150E333-8FDC-42A3-9474-1A3956D46DE8}") = "Chapter06", "Chapter06", "{D224CDB3-E362-46A5-A2F9-08D312AE3239}"
EndProject
Project("{FAE04EC0-301F-11D3-BF4B-00C04F79EFBC}") = "Section01", "Chapter06\Section01\Section01.csproj", "{A3F072DC-AEA0-4931-BD62-4EA5D49A8F7D}"
EndProject
Project("{2150E333-8FDC-42A3-9474-1A3956D46DE8}") = "演習問題", "演習問題", "{B009C9DC-4555-4138-931F-E9D7A6D803F0}"
EndProject
Project("{FAE04EC0-301F-11D3-BF4B-00C04F79EFBC}") = "Exercise01", "Chapter06\演習問題\Exercose01\Exercise01.csproj", "{B607F8FF-0C14-456C-968D-F12B3FD184DE}"
EndProject
Project("{FAE04EC0-301F-11D3-BF4B-00C04F79EFBC}") = "Exercise03", "Chapter06\演習問題\Exercise03\Exercise03.csproj", "{D24AE644-6CFA-457D-90B0-3A1309CA4224}"
EndProject
Project("{FAE04EC0-301F-11D3-BF4B-00C04F79EFBC}") = "Section03", "Chapter06\Section03\Section03.csproj", "{360D3832-6278-4221-920A-5A934DD9253A}"
EndProject
Project("{FAE04EC0-301F-11D3-BF4B-00C04F79EFBC}") = "Exercise02", "\\172.16.42.1\学生\2024_情報システム\オブジェクト指向プログラミングⅠ\前回休んだ人\Chapter06\演習問題\Exercise02\Exercise02.csproj", "{CDE488CC-7E31-A2E1-38E0-075BA7884A62}"
EndProject
Project("{FAE04EC0-301F-11D3-BF4B-00C04F79EFBC}") = "Exercise04", "\\172.16.42.1\学生\2024_情報システム\オブジェクト指向プログラミングⅠ\前回休んだ人\Chapter06\演習問題\Exercise04\Exercise04.csproj", "{2842EF6A-A572-9CC2-A5F3-6845F599FCEB}"
EndProject
Project("{2150E333-8FDC-42A3-9474-1A3956D46DE8}") = "Chapter05", "Chapter05", "{3807DF0D-732C-41AE-A1EB-082A70E689CC}"
EndProject
Project("{2150E333-8FDC-42A3-9474-1A3956D46DE8}") = "演習問題", "演習問題", "{7AAA983C-1673-432E-A45C-6A15BCBCB780}"
EndProject
Project("{FAE04EC0-301F-11D3-BF4B-00C04F79EFBC}") = "Section01", "Chapter05\Section01\Section01.csproj", "{3CD79E7D-88B3-42F6-8328-E4546AD18058}"
EndProject
Project("{FAE04EC0-301F-11D3-BF4B-00C04F79EFBC}") = "Section02", "Chapter05\Section02\Section02.csproj", "{A0E781B1-852F-43E5-AD68-B0C52C5C9797}"
EndProject
Project("{FAE04EC0-301F-11D3-BF4B-00C04F79EFBC}") = "Exercise01", "Chapter05\演習問題\Exercise01\Exercise01.csproj", "{A9E9DFC5-FEA9-4B8A-88A9-396C4B4DDE62}"
EndProject
Project("{FAE04EC0-301F-11D3-BF4B-00C04F79EFBC}") = "Exercise02", "Chapter05\演習問題\Exercise02\Exercise02.csproj", "{1FC07761-BCA8-44C4-AB18-4FA13F55EE64}"
EndProject
Project("{FAE04EC0-301F-11D3-BF4B-00C04F79EFBC}") = "Exercise03", "Chapter05\演習問題\Exercise03\Exercise03.csproj", "{90916211-278B-47F1-96A0-92F62B3896B1}"
EndProject
Project("{2150E333-8FDC-42A3-9474-1A3956D46DE8}") = "Chapter08", "Chapter08", "{1AE05DC2-5DA6-4D00-A051-79C5122B0027}"
EndProject
Project("{2150E333-8FDC-42A3-9474-1A3956D46DE8}") = "演習問題", "演習問題", "{05FE6311-07E3-4018-AA77-1B20FBC0EB7F}"
EndProject
Project("{FAE04EC0-301F-11D3-BF4B-00C04F79EFBC}") = "Exercise01", "Chapter08\演習問題\Exercise01\Exercise01.csproj", "{8338D900-AB1A-4691-AEAA-500E4840FDAD}"
EndProject
Project("{FAE04EC0-301F-11D3-BF4B-00C04F79EFBC}") = "PrefCapitalLocationSystem", "\\172.16.42.1\学生\2024_情報システム\オブジェクト指向プログラミングⅠ\前回休んだ人\Chapter08\PrefCapitalLocationSystem\PrefCapitalLocationSystem.csproj", "{EC4AC882-CE7D-6DC7-79E4-AC30C8F0F538}"
EndProject
Project("{FAE04EC0-301F-11D3-BF4B-00C04F79EFBC}") = "Section03", "Chapter08\Section03\Section03.csproj", "{EBBA423C-05DC-4FBD-AD0B-14DDF112FE6D}"
EndProject
Project("{FAE04EC0-301F-11D3-BF4B-00C04F79EFBC}") = "Exercise02", "Chapter08\演習問題\Exercise02\Exercise02.csproj", "{933D3CF3-FE2F-46FC-9D76-C800BA7A51FE}"
EndProject
Project("{2150E333-8FDC-42A3-9474-1A3956D46DE8}") = "Test01", "Test01", "{9452AFF4-A74B-4E3A-929B-3C4EEAA07AF4}"
EndProject
Project("{FAE04EC0-301F-11D3-BF4B-00C04F79EFBC}") = "Test01", "Test01\Test01\Test01.csproj", "{6EF7678A-A725-F430-3097-30F090C0100A}"
EndProject
Project("{FAE04EC0-301F-11D3-BF4B-00C04F79EFBC}") = "Test02", "Test01\Test02\Test02.csproj", "{010D0C11-D6A2-3CA6-3281-4E0FD547EC2D}"
EndProject
Project("{FAE04EC0-301F-11D3-BF4B-00C04F79EFBC}") = "CarReportSystem", "FormApps\CarReportSystem\CarReportSystem.csproj", "{0B48C449-0B35-182D-2B8C-BFE6C8DF0359}"
EndProject
Project("{2150E333-8FDC-42A3-9474-1A3956D46DE8}") = "Chapter12", "Chapter12", "{389129F8-F510-42B4-8821-D298810BEAC8}"
EndProject
Project("{2150E333-8FDC-42A3-9474-1A3956D46DE8}") = "演習問題", "演習問題", "{33CD5AE6-B4DD-447C-8158-872FA1F462AF}"
EndProject
Project("{FAE04EC0-301F-11D3-BF4B-00C04F79EFBC}") = "Exercise01", "Chapter12\演習問題\Exercise01\Exercise01.csproj", "{F7FAE9B5-026D-40E1-B505-66AB20C8549C}"
EndProject
Project("{FAE04EC0-301F-11D3-BF4B-00C04F79EFBC}") = "Exercise03", "Chapter12\演習問題\Exercise03\Exercise03.csproj", "{414DFFD5-4A0F-DD91-933A-D9585859A325}"
EndProject
Project("{FAE04EC0-301F-11D3-BF4B-00C04F79EFBC}") = "Exercise02", "Chapter12\演習問題\Exercise02\Exercise02.csproj", "{F01C3B69-9D05-4BEF-26EB-57BAD926097B}"
EndProject
Project("{FAE04EC0-301F-11D3-BF4B-00C04F79EFBC}") = "Section01", "Chapter12\Section01\Section01.csproj", "{4109F16C-CC0F-746C-BB8C-6083813C958C}"
EndProject
Project("{FAE04EC0-301F-11D3-BF4B-00C04F79EFBC}") = "RssReader", "FormApps\RssReader\RssReader.csproj", "{03112415-D99F-42A2-A11C-4E211A80E365}"
EndProject
Global
	GlobalSection(SolutionConfigurationPlatforms) = preSolution
		Debug|Any CPU = Debug|Any CPU
		Release|Any CPU = Release|Any CPU
	EndGlobalSection
	GlobalSection(ProjectConfigurationPlatforms) = postSolution
		{EA59C7FD-CD0E-40BE-9DC7-3C139E02534D}.Debug|Any CPU.ActiveCfg = Debug|Any CPU
		{EA59C7FD-CD0E-40BE-9DC7-3C139E02534D}.Debug|Any CPU.Build.0 = Debug|Any CPU
		{EA59C7FD-CD0E-40BE-9DC7-3C139E02534D}.Release|Any CPU.ActiveCfg = Release|Any CPU
		{EA59C7FD-CD0E-40BE-9DC7-3C139E02534D}.Release|Any CPU.Build.0 = Release|Any CPU
		{50843B7D-AAED-4E1D-AC7E-161E3D422D4A}.Debug|Any CPU.ActiveCfg = Debug|Any CPU
		{50843B7D-AAED-4E1D-AC7E-161E3D422D4A}.Debug|Any CPU.Build.0 = Debug|Any CPU
		{50843B7D-AAED-4E1D-AC7E-161E3D422D4A}.Release|Any CPU.ActiveCfg = Release|Any CPU
		{50843B7D-AAED-4E1D-AC7E-161E3D422D4A}.Release|Any CPU.Build.0 = Release|Any CPU
		{2EA8AD4E-9035-4D96-B38D-C250D74708FE}.Debug|Any CPU.ActiveCfg = Debug|Any CPU
		{2EA8AD4E-9035-4D96-B38D-C250D74708FE}.Debug|Any CPU.Build.0 = Debug|Any CPU
		{2EA8AD4E-9035-4D96-B38D-C250D74708FE}.Release|Any CPU.ActiveCfg = Release|Any CPU
		{2EA8AD4E-9035-4D96-B38D-C250D74708FE}.Release|Any CPU.Build.0 = Release|Any CPU
		{10D6F543-9A40-4BC6-AA18-1E29C43E8BAA}.Debug|Any CPU.ActiveCfg = Debug|Any CPU
		{10D6F543-9A40-4BC6-AA18-1E29C43E8BAA}.Debug|Any CPU.Build.0 = Debug|Any CPU
		{10D6F543-9A40-4BC6-AA18-1E29C43E8BAA}.Release|Any CPU.ActiveCfg = Release|Any CPU
		{10D6F543-9A40-4BC6-AA18-1E29C43E8BAA}.Release|Any CPU.Build.0 = Release|Any CPU
		{B964E54C-32A7-47B6-82EB-DF0DAD338127}.Debug|Any CPU.ActiveCfg = Debug|Any CPU
		{B964E54C-32A7-47B6-82EB-DF0DAD338127}.Debug|Any CPU.Build.0 = Debug|Any CPU
		{B964E54C-32A7-47B6-82EB-DF0DAD338127}.Release|Any CPU.ActiveCfg = Release|Any CPU
		{B964E54C-32A7-47B6-82EB-DF0DAD338127}.Release|Any CPU.Build.0 = Release|Any CPU
		{17A89C66-7998-4AD1-A506-C7EFE0CE4AE6}.Debug|Any CPU.ActiveCfg = Debug|Any CPU
		{17A89C66-7998-4AD1-A506-C7EFE0CE4AE6}.Debug|Any CPU.Build.0 = Debug|Any CPU
		{17A89C66-7998-4AD1-A506-C7EFE0CE4AE6}.Release|Any CPU.ActiveCfg = Release|Any CPU
		{17A89C66-7998-4AD1-A506-C7EFE0CE4AE6}.Release|Any CPU.Build.0 = Release|Any CPU
		{697FEC80-DE5F-F167-2E9C-702E7D330C53}.Debug|Any CPU.ActiveCfg = Debug|Any CPU
		{697FEC80-DE5F-F167-2E9C-702E7D330C53}.Debug|Any CPU.Build.0 = Debug|Any CPU
		{697FEC80-DE5F-F167-2E9C-702E7D330C53}.Release|Any CPU.ActiveCfg = Release|Any CPU
		{697FEC80-DE5F-F167-2E9C-702E7D330C53}.Release|Any CPU.Build.0 = Release|Any CPU
		{8FDA2681-A4D0-43A4-AC70-3BD1750E2E73}.Debug|Any CPU.ActiveCfg = Debug|Any CPU
		{8FDA2681-A4D0-43A4-AC70-3BD1750E2E73}.Debug|Any CPU.Build.0 = Debug|Any CPU
		{8FDA2681-A4D0-43A4-AC70-3BD1750E2E73}.Release|Any CPU.ActiveCfg = Release|Any CPU
		{8FDA2681-A4D0-43A4-AC70-3BD1750E2E73}.Release|Any CPU.Build.0 = Release|Any CPU
		{B236897A-26BA-4240-AB48-DE7EDC7106D9}.Debug|Any CPU.ActiveCfg = Debug|Any CPU
		{B236897A-26BA-4240-AB48-DE7EDC7106D9}.Debug|Any CPU.Build.0 = Debug|Any CPU
		{B236897A-26BA-4240-AB48-DE7EDC7106D9}.Release|Any CPU.ActiveCfg = Release|Any CPU
		{B236897A-26BA-4240-AB48-DE7EDC7106D9}.Release|Any CPU.Build.0 = Release|Any CPU
		{3A95A141-AAD8-CCAB-6F75-1E63A7123829}.Debug|Any CPU.ActiveCfg = Debug|Any CPU
		{3A95A141-AAD8-CCAB-6F75-1E63A7123829}.Debug|Any CPU.Build.0 = Debug|Any CPU
		{3A95A141-AAD8-CCAB-6F75-1E63A7123829}.Release|Any CPU.ActiveCfg = Release|Any CPU
		{3A95A141-AAD8-CCAB-6F75-1E63A7123829}.Release|Any CPU.Build.0 = Release|Any CPU
		{94DD345E-7CED-4741-C3E7-505B445CE161}.Debug|Any CPU.ActiveCfg = Debug|Any CPU
		{94DD345E-7CED-4741-C3E7-505B445CE161}.Debug|Any CPU.Build.0 = Debug|Any CPU
		{94DD345E-7CED-4741-C3E7-505B445CE161}.Release|Any CPU.ActiveCfg = Release|Any CPU
		{94DD345E-7CED-4741-C3E7-505B445CE161}.Release|Any CPU.Build.0 = Release|Any CPU
		{43782E45-CEDB-2C9D-3C85-2E5DAB9E8549}.Debug|Any CPU.ActiveCfg = Debug|Any CPU
		{43782E45-CEDB-2C9D-3C85-2E5DAB9E8549}.Debug|Any CPU.Build.0 = Debug|Any CPU
		{43782E45-CEDB-2C9D-3C85-2E5DAB9E8549}.Release|Any CPU.ActiveCfg = Release|Any CPU
		{43782E45-CEDB-2C9D-3C85-2E5DAB9E8549}.Release|Any CPU.Build.0 = Release|Any CPU
		{4A20A7E5-42BB-490F-975D-87C8AD09088C}.Debug|Any CPU.ActiveCfg = Debug|Any CPU
		{4A20A7E5-42BB-490F-975D-87C8AD09088C}.Debug|Any CPU.Build.0 = Debug|Any CPU
		{4A20A7E5-42BB-490F-975D-87C8AD09088C}.Release|Any CPU.ActiveCfg = Release|Any CPU
		{4A20A7E5-42BB-490F-975D-87C8AD09088C}.Release|Any CPU.Build.0 = Release|Any CPU
		{01DE8084-27C1-4C82-9307-CB7CB39632BB}.Debug|Any CPU.ActiveCfg = Debug|Any CPU
		{01DE8084-27C1-4C82-9307-CB7CB39632BB}.Debug|Any CPU.Build.0 = Debug|Any CPU
		{01DE8084-27C1-4C82-9307-CB7CB39632BB}.Release|Any CPU.ActiveCfg = Release|Any CPU
		{01DE8084-27C1-4C82-9307-CB7CB39632BB}.Release|Any CPU.Build.0 = Release|Any CPU
		{2A3DB665-792A-EF1C-FE4D-1D7C7D679BB4}.Debug|Any CPU.ActiveCfg = Debug|Any CPU
		{2A3DB665-792A-EF1C-FE4D-1D7C7D679BB4}.Debug|Any CPU.Build.0 = Debug|Any CPU
		{2A3DB665-792A-EF1C-FE4D-1D7C7D679BB4}.Release|Any CPU.ActiveCfg = Release|Any CPU
		{2A3DB665-792A-EF1C-FE4D-1D7C7D679BB4}.Release|Any CPU.Build.0 = Release|Any CPU
		{3E0DCF73-78D3-492A-BAC2-1636C4651D21}.Debug|Any CPU.ActiveCfg = Debug|Any CPU
		{3E0DCF73-78D3-492A-BAC2-1636C4651D21}.Debug|Any CPU.Build.0 = Debug|Any CPU
		{3E0DCF73-78D3-492A-BAC2-1636C4651D21}.Release|Any CPU.ActiveCfg = Release|Any CPU
		{3E0DCF73-78D3-492A-BAC2-1636C4651D21}.Release|Any CPU.Build.0 = Release|Any CPU
		{F278F24B-E071-43BA-876B-7E4BD3D2ECCA}.Debug|Any CPU.ActiveCfg = Debug|Any CPU
		{F278F24B-E071-43BA-876B-7E4BD3D2ECCA}.Debug|Any CPU.Build.0 = Debug|Any CPU
		{F278F24B-E071-43BA-876B-7E4BD3D2ECCA}.Release|Any CPU.ActiveCfg = Release|Any CPU
		{F278F24B-E071-43BA-876B-7E4BD3D2ECCA}.Release|Any CPU.Build.0 = Release|Any CPU
		{674FCD7E-82B2-47D0-92EC-A0EE17785C5E}.Debug|Any CPU.ActiveCfg = Debug|Any CPU
		{674FCD7E-82B2-47D0-92EC-A0EE17785C5E}.Debug|Any CPU.Build.0 = Debug|Any CPU
		{674FCD7E-82B2-47D0-92EC-A0EE17785C5E}.Release|Any CPU.ActiveCfg = Release|Any CPU
		{674FCD7E-82B2-47D0-92EC-A0EE17785C5E}.Release|Any CPU.Build.0 = Release|Any CPU
		{A3F072DC-AEA0-4931-BD62-4EA5D49A8F7D}.Debug|Any CPU.ActiveCfg = Debug|Any CPU
		{A3F072DC-AEA0-4931-BD62-4EA5D49A8F7D}.Debug|Any CPU.Build.0 = Debug|Any CPU
		{A3F072DC-AEA0-4931-BD62-4EA5D49A8F7D}.Release|Any CPU.ActiveCfg = Release|Any CPU
		{A3F072DC-AEA0-4931-BD62-4EA5D49A8F7D}.Release|Any CPU.Build.0 = Release|Any CPU
		{B607F8FF-0C14-456C-968D-F12B3FD184DE}.Debug|Any CPU.ActiveCfg = Debug|Any CPU
		{B607F8FF-0C14-456C-968D-F12B3FD184DE}.Debug|Any CPU.Build.0 = Debug|Any CPU
		{B607F8FF-0C14-456C-968D-F12B3FD184DE}.Release|Any CPU.ActiveCfg = Release|Any CPU
		{B607F8FF-0C14-456C-968D-F12B3FD184DE}.Release|Any CPU.Build.0 = Release|Any CPU
		{D24AE644-6CFA-457D-90B0-3A1309CA4224}.Debug|Any CPU.ActiveCfg = Debug|Any CPU
		{D24AE644-6CFA-457D-90B0-3A1309CA4224}.Debug|Any CPU.Build.0 = Debug|Any CPU
		{D24AE644-6CFA-457D-90B0-3A1309CA4224}.Release|Any CPU.ActiveCfg = Release|Any CPU
		{D24AE644-6CFA-457D-90B0-3A1309CA4224}.Release|Any CPU.Build.0 = Release|Any CPU
		{360D3832-6278-4221-920A-5A934DD9253A}.Debug|Any CPU.ActiveCfg = Debug|Any CPU
		{360D3832-6278-4221-920A-5A934DD9253A}.Debug|Any CPU.Build.0 = Debug|Any CPU
		{360D3832-6278-4221-920A-5A934DD9253A}.Release|Any CPU.ActiveCfg = Release|Any CPU
		{360D3832-6278-4221-920A-5A934DD9253A}.Release|Any CPU.Build.0 = Release|Any CPU
		{CDE488CC-7E31-A2E1-38E0-075BA7884A62}.Debug|Any CPU.ActiveCfg = Debug|Any CPU
		{CDE488CC-7E31-A2E1-38E0-075BA7884A62}.Debug|Any CPU.Build.0 = Debug|Any CPU
		{CDE488CC-7E31-A2E1-38E0-075BA7884A62}.Release|Any CPU.ActiveCfg = Release|Any CPU
		{CDE488CC-7E31-A2E1-38E0-075BA7884A62}.Release|Any CPU.Build.0 = Release|Any CPU
		{2842EF6A-A572-9CC2-A5F3-6845F599FCEB}.Debug|Any CPU.ActiveCfg = Debug|Any CPU
		{2842EF6A-A572-9CC2-A5F3-6845F599FCEB}.Debug|Any CPU.Build.0 = Debug|Any CPU
		{2842EF6A-A572-9CC2-A5F3-6845F599FCEB}.Release|Any CPU.ActiveCfg = Release|Any CPU
		{2842EF6A-A572-9CC2-A5F3-6845F599FCEB}.Release|Any CPU.Build.0 = Release|Any CPU
		{3CD79E7D-88B3-42F6-8328-E4546AD18058}.Debug|Any CPU.ActiveCfg = Debug|Any CPU
		{3CD79E7D-88B3-42F6-8328-E4546AD18058}.Debug|Any CPU.Build.0 = Debug|Any CPU
		{3CD79E7D-88B3-42F6-8328-E4546AD18058}.Release|Any CPU.ActiveCfg = Release|Any CPU
		{3CD79E7D-88B3-42F6-8328-E4546AD18058}.Release|Any CPU.Build.0 = Release|Any CPU
		{A0E781B1-852F-43E5-AD68-B0C52C5C9797}.Debug|Any CPU.ActiveCfg = Debug|Any CPU
		{A0E781B1-852F-43E5-AD68-B0C52C5C9797}.Debug|Any CPU.Build.0 = Debug|Any CPU
		{A0E781B1-852F-43E5-AD68-B0C52C5C9797}.Release|Any CPU.ActiveCfg = Release|Any CPU
		{A0E781B1-852F-43E5-AD68-B0C52C5C9797}.Release|Any CPU.Build.0 = Release|Any CPU
		{A9E9DFC5-FEA9-4B8A-88A9-396C4B4DDE62}.Debug|Any CPU.ActiveCfg = Debug|Any CPU
		{A9E9DFC5-FEA9-4B8A-88A9-396C4B4DDE62}.Debug|Any CPU.Build.0 = Debug|Any CPU
		{A9E9DFC5-FEA9-4B8A-88A9-396C4B4DDE62}.Release|Any CPU.ActiveCfg = Release|Any CPU
		{A9E9DFC5-FEA9-4B8A-88A9-396C4B4DDE62}.Release|Any CPU.Build.0 = Release|Any CPU
		{1FC07761-BCA8-44C4-AB18-4FA13F55EE64}.Debug|Any CPU.ActiveCfg = Debug|Any CPU
		{1FC07761-BCA8-44C4-AB18-4FA13F55EE64}.Debug|Any CPU.Build.0 = Debug|Any CPU
		{1FC07761-BCA8-44C4-AB18-4FA13F55EE64}.Release|Any CPU.ActiveCfg = Release|Any CPU
		{1FC07761-BCA8-44C4-AB18-4FA13F55EE64}.Release|Any CPU.Build.0 = Release|Any CPU
		{90916211-278B-47F1-96A0-92F62B3896B1}.Debug|Any CPU.ActiveCfg = Debug|Any CPU
		{90916211-278B-47F1-96A0-92F62B3896B1}.Debug|Any CPU.Build.0 = Debug|Any CPU
		{90916211-278B-47F1-96A0-92F62B3896B1}.Release|Any CPU.ActiveCfg = Release|Any CPU
		{90916211-278B-47F1-96A0-92F62B3896B1}.Release|Any CPU.Build.0 = Release|Any CPU
		{8338D900-AB1A-4691-AEAA-500E4840FDAD}.Debug|Any CPU.ActiveCfg = Debug|Any CPU
		{8338D900-AB1A-4691-AEAA-500E4840FDAD}.Debug|Any CPU.Build.0 = Debug|Any CPU
		{8338D900-AB1A-4691-AEAA-500E4840FDAD}.Release|Any CPU.ActiveCfg = Release|Any CPU
		{8338D900-AB1A-4691-AEAA-500E4840FDAD}.Release|Any CPU.Build.0 = Release|Any CPU
		{EC4AC882-CE7D-6DC7-79E4-AC30C8F0F538}.Debug|Any CPU.ActiveCfg = Debug|Any CPU
		{EC4AC882-CE7D-6DC7-79E4-AC30C8F0F538}.Debug|Any CPU.Build.0 = Debug|Any CPU
		{EC4AC882-CE7D-6DC7-79E4-AC30C8F0F538}.Release|Any CPU.ActiveCfg = Release|Any CPU
		{EC4AC882-CE7D-6DC7-79E4-AC30C8F0F538}.Release|Any CPU.Build.0 = Release|Any CPU
		{EBBA423C-05DC-4FBD-AD0B-14DDF112FE6D}.Debug|Any CPU.ActiveCfg = Debug|Any CPU
		{EBBA423C-05DC-4FBD-AD0B-14DDF112FE6D}.Debug|Any CPU.Build.0 = Debug|Any CPU
		{EBBA423C-05DC-4FBD-AD0B-14DDF112FE6D}.Release|Any CPU.ActiveCfg = Release|Any CPU
		{EBBA423C-05DC-4FBD-AD0B-14DDF112FE6D}.Release|Any CPU.Build.0 = Release|Any CPU
		{933D3CF3-FE2F-46FC-9D76-C800BA7A51FE}.Debug|Any CPU.ActiveCfg = Debug|Any CPU
		{933D3CF3-FE2F-46FC-9D76-C800BA7A51FE}.Debug|Any CPU.Build.0 = Debug|Any CPU
		{933D3CF3-FE2F-46FC-9D76-C800BA7A51FE}.Release|Any CPU.ActiveCfg = Release|Any CPU
		{933D3CF3-FE2F-46FC-9D76-C800BA7A51FE}.Release|Any CPU.Build.0 = Release|Any CPU
		{6EF7678A-A725-F430-3097-30F090C0100A}.Debug|Any CPU.ActiveCfg = Debug|Any CPU
		{6EF7678A-A725-F430-3097-30F090C0100A}.Debug|Any CPU.Build.0 = Debug|Any CPU
		{6EF7678A-A725-F430-3097-30F090C0100A}.Release|Any CPU.ActiveCfg = Release|Any CPU
		{6EF7678A-A725-F430-3097-30F090C0100A}.Release|Any CPU.Build.0 = Release|Any CPU
		{010D0C11-D6A2-3CA6-3281-4E0FD547EC2D}.Debug|Any CPU.ActiveCfg = Debug|Any CPU
		{010D0C11-D6A2-3CA6-3281-4E0FD547EC2D}.Debug|Any CPU.Build.0 = Debug|Any CPU
		{010D0C11-D6A2-3CA6-3281-4E0FD547EC2D}.Release|Any CPU.ActiveCfg = Release|Any CPU
		{010D0C11-D6A2-3CA6-3281-4E0FD547EC2D}.Release|Any CPU.Build.0 = Release|Any CPU
		{0B48C449-0B35-182D-2B8C-BFE6C8DF0359}.Debug|Any CPU.ActiveCfg = Debug|Any CPU
		{0B48C449-0B35-182D-2B8C-BFE6C8DF0359}.Debug|Any CPU.Build.0 = Debug|Any CPU
		{0B48C449-0B35-182D-2B8C-BFE6C8DF0359}.Release|Any CPU.ActiveCfg = Release|Any CPU
		{0B48C449-0B35-182D-2B8C-BFE6C8DF0359}.Release|Any CPU.Build.0 = Release|Any CPU
		{F7FAE9B5-026D-40E1-B505-66AB20C8549C}.Debug|Any CPU.ActiveCfg = Debug|Any CPU
		{F7FAE9B5-026D-40E1-B505-66AB20C8549C}.Debug|Any CPU.Build.0 = Debug|Any CPU
		{F7FAE9B5-026D-40E1-B505-66AB20C8549C}.Release|Any CPU.ActiveCfg = Release|Any CPU
		{F7FAE9B5-026D-40E1-B505-66AB20C8549C}.Release|Any CPU.Build.0 = Release|Any CPU
		{414DFFD5-4A0F-DD91-933A-D9585859A325}.Debug|Any CPU.ActiveCfg = Debug|Any CPU
		{414DFFD5-4A0F-DD91-933A-D9585859A325}.Debug|Any CPU.Build.0 = Debug|Any CPU
		{414DFFD5-4A0F-DD91-933A-D9585859A325}.Release|Any CPU.ActiveCfg = Release|Any CPU
		{414DFFD5-4A0F-DD91-933A-D9585859A325}.Release|Any CPU.Build.0 = Release|Any CPU
		{F01C3B69-9D05-4BEF-26EB-57BAD926097B}.Debug|Any CPU.ActiveCfg = Debug|Any CPU
		{F01C3B69-9D05-4BEF-26EB-57BAD926097B}.Debug|Any CPU.Build.0 = Debug|Any CPU
		{F01C3B69-9D05-4BEF-26EB-57BAD926097B}.Release|Any CPU.ActiveCfg = Release|Any CPU
		{F01C3B69-9D05-4BEF-26EB-57BAD926097B}.Release|Any CPU.Build.0 = Release|Any CPU
		{4109F16C-CC0F-746C-BB8C-6083813C958C}.Debug|Any CPU.ActiveCfg = Debug|Any CPU
		{4109F16C-CC0F-746C-BB8C-6083813C958C}.Debug|Any CPU.Build.0 = Debug|Any CPU
		{4109F16C-CC0F-746C-BB8C-6083813C958C}.Release|Any CPU.ActiveCfg = Release|Any CPU
		{4109F16C-CC0F-746C-BB8C-6083813C958C}.Release|Any CPU.Build.0 = Release|Any CPU
		{03112415-D99F-42A2-A11C-4E211A80E365}.Debug|Any CPU.ActiveCfg = Debug|Any CPU
		{03112415-D99F-42A2-A11C-4E211A80E365}.Debug|Any CPU.Build.0 = Debug|Any CPU
		{03112415-D99F-42A2-A11C-4E211A80E365}.Release|Any CPU.ActiveCfg = Release|Any CPU
		{03112415-D99F-42A2-A11C-4E211A80E365}.Release|Any CPU.Build.0 = Release|Any CPU
	EndGlobalSection
	GlobalSection(SolutionProperties) = preSolution
		HideSolutionNode = FALSE
	EndGlobalSection
	GlobalSection(NestedProjects) = preSolution
		{EA59C7FD-CD0E-40BE-9DC7-3C139E02534D} = {DDB4EF12-CC4E-5E88-E6FC-71A802F4DE97}
		{50843B7D-AAED-4E1D-AC7E-161E3D422D4A} = {F422F3E4-E895-42E6-BA82-0107F1B7A285}
		{85FBF1B9-A406-4678-9688-1C4C96C11B84} = {1607FF0C-7744-468F-B255-91FA0E716DB2}
		{2EA8AD4E-9035-4D96-B38D-C250D74708FE} = {85FBF1B9-A406-4678-9688-1C4C96C11B84}
		{F422F3E4-E895-42E6-BA82-0107F1B7A285} = {1607FF0C-7744-468F-B255-91FA0E716DB2}
		{10D6F543-9A40-4BC6-AA18-1E29C43E8BAA} = {15893D59-87F3-4173-A21A-446B21F9F542}
		{B964E54C-32A7-47B6-82EB-DF0DAD338127} = {15893D59-87F3-4173-A21A-446B21F9F542}
		{0922088E-A7FE-406B-9AE3-AFE0C469135F} = {1607FF0C-7744-468F-B255-91FA0E716DB2}
		{17A89C66-7998-4AD1-A506-C7EFE0CE4AE6} = {0922088E-A7FE-406B-9AE3-AFE0C469135F}
		{697FEC80-DE5F-F167-2E9C-702E7D330C53} = {85FBF1B9-A406-4678-9688-1C4C96C11B84}
		{8FDA2681-A4D0-43A4-AC70-3BD1750E2E73} = {75BD9E9E-512D-4035-9925-C81D27E947CE}
		{B236897A-26BA-4240-AB48-DE7EDC7106D9} = {75BD9E9E-512D-4035-9925-C81D27E947CE}
		{2167973D-DF2B-435E-8428-5F5F6BA98CE6} = {36F8F5FD-8CA1-4CE0-95D9-DBA9D229E25A}
		{3A95A141-AAD8-CCAB-6F75-1E63A7123829} = {36F8F5FD-8CA1-4CE0-95D9-DBA9D229E25A}
		{94DD345E-7CED-4741-C3E7-505B445CE161} = {2167973D-DF2B-435E-8428-5F5F6BA98CE6}
		{D902C94D-7BC0-4CA8-B150-B4EF951E9925} = {75BD9E9E-512D-4035-9925-C81D27E947CE}
		{43782E45-CEDB-2C9D-3C85-2E5DAB9E8549} = {D902C94D-7BC0-4CA8-B150-B4EF951E9925}
		{4A20A7E5-42BB-490F-975D-87C8AD09088C} = {2883D5B9-823A-4C9B-A557-F2C59AA98AA8}
		{AA6FF88A-293A-4FD8-8CD7-B6D256A8B1B9} = {C93A4505-1AF7-4D39-9215-EA105846594C}
		{01DE8084-27C1-4C82-9307-CB7CB39632BB} = {AA6FF88A-293A-4FD8-8CD7-B6D256A8B1B9}
		{2A3DB665-792A-EF1C-FE4D-1D7C7D679BB4} = {2167973D-DF2B-435E-8428-5F5F6BA98CE6}
		{3E0DCF73-78D3-492A-BAC2-1636C4651D21} = {C93A4505-1AF7-4D39-9215-EA105846594C}
		{F278F24B-E071-43BA-876B-7E4BD3D2ECCA} = {C93A4505-1AF7-4D39-9215-EA105846594C}
		{674FCD7E-82B2-47D0-92EC-A0EE17785C5E} = {AA6FF88A-293A-4FD8-8CD7-B6D256A8B1B9}
		{A3F072DC-AEA0-4931-BD62-4EA5D49A8F7D} = {D224CDB3-E362-46A5-A2F9-08D312AE3239}
		{B009C9DC-4555-4138-931F-E9D7A6D803F0} = {D224CDB3-E362-46A5-A2F9-08D312AE3239}
		{B607F8FF-0C14-456C-968D-F12B3FD184DE} = {B009C9DC-4555-4138-931F-E9D7A6D803F0}
		{D24AE644-6CFA-457D-90B0-3A1309CA4224} = {B009C9DC-4555-4138-931F-E9D7A6D803F0}
		{360D3832-6278-4221-920A-5A934DD9253A} = {D224CDB3-E362-46A5-A2F9-08D312AE3239}
		{CDE488CC-7E31-A2E1-38E0-075BA7884A62} = {B009C9DC-4555-4138-931F-E9D7A6D803F0}
		{2842EF6A-A572-9CC2-A5F3-6845F599FCEB} = {B009C9DC-4555-4138-931F-E9D7A6D803F0}
		{7AAA983C-1673-432E-A45C-6A15BCBCB780} = {3807DF0D-732C-41AE-A1EB-082A70E689CC}
		{3CD79E7D-88B3-42F6-8328-E4546AD18058} = {3807DF0D-732C-41AE-A1EB-082A70E689CC}
		{A0E781B1-852F-43E5-AD68-B0C52C5C9797} = {3807DF0D-732C-41AE-A1EB-082A70E689CC}
		{A9E9DFC5-FEA9-4B8A-88A9-396C4B4DDE62} = {7AAA983C-1673-432E-A45C-6A15BCBCB780}
		{1FC07761-BCA8-44C4-AB18-4FA13F55EE64} = {7AAA983C-1673-432E-A45C-6A15BCBCB780}
		{90916211-278B-47F1-96A0-92F62B3896B1} = {7AAA983C-1673-432E-A45C-6A15BCBCB780}
		{05FE6311-07E3-4018-AA77-1B20FBC0EB7F} = {1AE05DC2-5DA6-4D00-A051-79C5122B0027}
		{8338D900-AB1A-4691-AEAA-500E4840FDAD} = {05FE6311-07E3-4018-AA77-1B20FBC0EB7F}
		{EC4AC882-CE7D-6DC7-79E4-AC30C8F0F538} = {1AE05DC2-5DA6-4D00-A051-79C5122B0027}
		{EBBA423C-05DC-4FBD-AD0B-14DDF112FE6D} = {1AE05DC2-5DA6-4D00-A051-79C5122B0027}
		{933D3CF3-FE2F-46FC-9D76-C800BA7A51FE} = {05FE6311-07E3-4018-AA77-1B20FBC0EB7F}
		{6EF7678A-A725-F430-3097-30F090C0100A} = {9452AFF4-A74B-4E3A-929B-3C4EEAA07AF4}
		{010D0C11-D6A2-3CA6-3281-4E0FD547EC2D} = {9452AFF4-A74B-4E3A-929B-3C4EEAA07AF4}
		{0B48C449-0B35-182D-2B8C-BFE6C8DF0359} = {15893D59-87F3-4173-A21A-446B21F9F542}
		{33CD5AE6-B4DD-447C-8158-872FA1F462AF} = {389129F8-F510-42B4-8821-D298810BEAC8}
		{F7FAE9B5-026D-40E1-B505-66AB20C8549C} = {33CD5AE6-B4DD-447C-8158-872FA1F462AF}
		{414DFFD5-4A0F-DD91-933A-D9585859A325} = {33CD5AE6-B4DD-447C-8158-872FA1F462AF}
		{F01C3B69-9D05-4BEF-26EB-57BAD926097B} = {33CD5AE6-B4DD-447C-8158-872FA1F462AF}
		{4109F16C-CC0F-746C-BB8C-6083813C958C} = {389129F8-F510-42B4-8821-D298810BEAC8}
		{03112415-D99F-42A2-A11C-4E211A80E365} = {15893D59-87F3-4173-A21A-446B21F9F542}
	EndGlobalSection
	GlobalSection(ExtensibilityGlobals) = postSolution
		SolutionGuid = {2DA1D154-3454-413C-A2A1-9919FFF561C9}
	EndGlobalSection
EndGlobal
