
Microsoft Visual Studio Solution File, Format Version 12.00
# Visual Studio Version 17
VisualStudioVersion = 17.13.35825.156
MinimumVisualStudioVersion = 10.0.40219.1
Project("{2150E333-8FDC-42A3-9474-1A3956D46DE8}") = "Chapter01", "Chapter01", "{DDB4EF12-CC4E-5E88-E6FC-71A802F4DE97}"
EndProject
Project("{FAE04EC0-301F-11D3-BF4B-00C04F79EFBC}") = "ProductSample", "Chapter01\ProductSample\ProductSample.csproj", "{EA59C7FD-CD0E-40BE-9DC7-3C139E02534D}"
EndProject
Project("{2150E333-8FDC-42A3-9474-1A3956D46DE8}") = "Chapter02", "Chapter02", "{1607FF0C-7744-468F-B255-91FA0E716DB2}"
EndProject
Project("{FAE04EC0-301F-11D3-BF4B-00C04F79EFBC}") = "DistanceConverter", "Chapter02\DistanceConverter\DistanceConverter.csproj", "{50843B7D-AAED-4E1D-AC7E-161E3D422D4A}"
EndProject
Project("{2150E333-8FDC-42A3-9474-1A3956D46DE8}") = "演習問題", "演習問題", "{85FBF1B9-A406-4678-9688-1C4C96C11B84}"
EndProject
Project("{FAE04EC0-301F-11D3-BF4B-00C04F79EFBC}") = "Exercise02", "Chapter02\演習問題\Exercise02\Exercise02.csproj", "{2EA8AD4E-9035-4D96-B38D-C250D74708FE}"
EndProject
Project("{2150E333-8FDC-42A3-9474-1A3956D46DE8}") = "距離換算プログラム", "距離換算プログラム", "{F422F3E4-E895-42E6-BA82-0107F1B7A285}"
EndProject
Project("{2150E333-8FDC-42A3-9474-1A3956D46DE8}") = "FormApps", "FormApps", "{15893D59-87F3-4173-A21A-446B21F9F542}"
EndProject
Project("{FAE04EC0-301F-11D3-BF4B-00C04F79EFBC}") = "UnitConverter", "FormApps\UnitConverter\UnitConverter.csproj", "{10D6F543-9A40-4BC6-AA18-1E29C43E8BAA}"
EndProject
Project("{FAE04EC0-301F-11D3-BF4B-00C04F79EFBC}") = "StopWatch", "FormApps\StopWatch\StopWatch.csproj", "{B964E54C-32A7-47B6-82EB-DF0DAD338127}"
EndProject
Project("{2150E333-8FDC-42A3-9474-1A3956D46DE8}") = "売り上げ集計プログラム", "売り上げ集計プログラム", "{0922088E-A7FE-406B-9AE3-AFE0C469135F}"
EndProject
Project("{FAE04EC0-301F-11D3-BF4B-00C04F79EFBC}") = "SalesCalculator", "Chapter02\SslesCalculator\SalesCalculator.csproj", "{17A89C66-7998-4AD1-A506-C7EFE0CE4AE6}"
EndProject
Project("{FAE04EC0-301F-11D3-BF4B-00C04F79EFBC}") = "Exercise01", "Chapter02\演習問題\Exercise01\Exercise01.csproj", "{697FEC80-DE5F-F167-2E9C-702E7D330C53}"
EndProject
Project("{2150E333-8FDC-42A3-9474-1A3956D46DE8}") = "Chapter03", "Chapter03", "{75BD9E9E-512D-4035-9925-C81D27E947CE}"
EndProject
Project("{FAE04EC0-301F-11D3-BF4B-00C04F79EFBC}") = "Section01", "Chapter03\Section01\Section01.csproj", "{8FDA2681-A4D0-43A4-AC70-3BD1750E2E73}"
EndProject
Project("{FAE04EC0-301F-11D3-BF4B-00C04F79EFBC}") = "Section04", "Chapter03\Section04\Section04.csproj", "{B236897A-26BA-4240-AB48-DE7EDC7106D9}"
EndProject
Project("{2150E333-8FDC-42A3-9474-1A3956D46DE8}") = "Chapter04", "Chapter04", "{36F8F5FD-8CA1-4CE0-95D9-DBA9D229E25A}"
EndProject
Project("{2150E333-8FDC-42A3-9474-1A3956D46DE8}") = "演習問題", "演習問題", "{2167973D-DF2B-435E-8428-5F5F6BA98CE6}"
EndProject
Project("{FAE04EC0-301F-11D3-BF4B-00C04F79EFBC}") = "Section04", "Chapter04\Section04\Section04.csproj", "{3A95A141-AAD8-CCAB-6F75-1E63A7123829}"
EndProject
Project("{FAE04EC0-301F-11D3-BF4B-00C04F79EFBC}") = "Exercise01", "Chapter04\演習問題\Exercise01\Exercise01.csproj", "{94DD345E-7CED-4741-C3E7-505B445CE161}"
EndProject
Project("{2150E333-8FDC-42A3-9474-1A3956D46DE8}") = "演習問題", "演習問題", "{D902C94D-7BC0-4CA8-B150-B4EF951E9925}"
EndProject
Project("{FAE04EC0-301F-11D3-BF4B-00C04F79EFBC}") = "Exercise02", "\\172.16.42.1\学生\2024_情報システム\オブジェクト指向プログラミングⅠ\前回休んだ人\Chapter03\演習問題\Exercise02\Exercise02.csproj", "{43782E45-CEDB-2C9D-3C85-2E5DAB9E8549}"
EndProject
Project("{2150E333-8FDC-42A3-9474-1A3956D46DE8}") = "LINQ", "LINQ", "{2883D5B9-823A-4C9B-A557-F2C59AA98AA8}"
EndProject
Project("{FAE04EC0-301F-11D3-BF4B-00C04F79EFBC}") = "LinqSample", "LINQ\LinqSample\LinqSample.csproj", "{4A20A7E5-42BB-490F-975D-87C8AD09088C}"
EndProject
Project("{2150E333-8FDC-42A3-9474-1A3956D46DE8}") = "Chapter07", "Chapter07", "{C93A4505-1AF7-4D39-9215-EA105846594C}"
EndProject
Project("{2150E333-8FDC-42A3-9474-1A3956D46DE8}") = "演習問題", "演習問題", "{AA6FF88A-293A-4FD8-8CD7-B6D256A8B1B9}"
EndProject
Project("{FAE04EC0-301F-11D3-BF4B-00C04F79EFBC}") = "Exercise01", "Chapter07\演習問題\Exercise01\Exercise01.csproj", "{01DE8084-27C1-4C82-9307-CB7CB39632BB}"
EndProject
Project("{FAE04EC0-301F-11D3-BF4B-00C04F79EFBC}") = "Exercise02", "\\172.16.42.1\学生\2024_情報システム\オブジェクト指向プログラミングⅠ\前回休んだ人\Chapter04\演習問題\Exercise02\Exercise02.csproj", "{2A3DB665-792A-EF1C-FE4D-1D7C7D679BB4}"
EndProject
Project("{FAE04EC0-301F-11D3-BF4B-00C04F79EFBC}") = "Section01", "Chapter07\Section01\Section01.csproj", "{3E0DCF73-78D3-492A-BAC2-1636C4651D21}"
EndProject
Project("{FAE04EC0-301F-11D3-BF4B-00C04F79EFBC}") = "Section05", "Chapter07\Section05\Section05.csproj", "{F278F24B-E071-43BA-876B-7E4BD3D2ECCA}"
EndProject
Project("{FAE04EC0-301F-11D3-BF4B-00C04F79EFBC}") = "Exercise02", "Chapter07\演習問題\Exercise02\Exercise02.csproj", "{674FCD7E-82B2-47D0-92EC-A0EE17785C5E}"
EndProject
Project("{2150E333-8FDC-42A3-9474-1A3956D46DE8}") = "Chapter06", "Chapter06", "{D224CDB3-E362-46A5-A2F9-08D312AE3239}"
EndProject
Project("{FAE04EC0-301F-11D3-BF4B-00C04F79EFBC}") = "Section01", "Chapter06\Section01\Section01.csproj", "{A3F072DC-AEA0-4931-BD62-4EA5D49A8F7D}"
EndProject
Project("{2150E333-8FDC-42A3-9474-1A3956D46DE8}") = "演習問題", "演習問題", "{B009C9DC-4555-4138-931F-E9D7A6D803F0}"
EndProject
Project("{FAE04EC0-301F-11D3-BF4B-00C04F79EFBC}") = "Exercise01", "Chapter06\演習問題\Exercose01\Exercise01.csproj", "{B607F8FF-0C14-456C-968D-F12B3FD184DE}"
EndProject
Project("{FAE04EC0-301F-11D3-BF4B-00C04F79EFBC}") = "Exercise03", "Chapter06\演習問題\Exercise03\Exercise03.csproj", "{D24AE644-6CFA-457D-90B0-3A1309CA4224}"
EndProject
Project("{FAE04EC0-301F-11D3-BF4B-00C04F79EFBC}") = "Section03", "Chapter06\Section03\Section03.csproj", "{360D3832-6278-4221-920A-5A934DD9253A}"
EndProject
Project("{FAE04EC0-301F-11D3-BF4B-00C04F79EFBC}") = "Exercise02", "\\172.16.42.1\学生\2024_情報システム\オブジェクト指向プログラミングⅠ\前回休んだ人\Chapter06\演習問題\Exercise02\Exercise02.csproj", "{CDE488CC-7E31-A2E1-38E0-075BA7884A62}"
EndProject
Project("{FAE04EC0-301F-11D3-BF4B-00C04F79EFBC}") = "Exercise04", "\\172.16.42.1\学生\2024_情報システム\オブジェクト指向プログラミングⅠ\前回休んだ人\Chapter06\演習問題\Exercise04\Exercise04.csproj", "{2842EF6A-A572-9CC2-A5F3-6845F599FCEB}"
EndProject
Project("{2150E333-8FDC-42A3-9474-1A3956D46DE8}") = "Chapter05", "Chapter05", "{3807DF0D-732C-41AE-A1EB-082A70E689CC}"
EndProject
Project("{2150E333-8FDC-42A3-9474-1A3956D46DE8}") = "演習問題", "演習問題", "{7AAA983C-1673-432E-A45C-6A15BCBCB780}"
EndProject
Project("{FAE04EC0-301F-11D3-BF4B-00C04F79EFBC}") = "Section01", "Chapter05\Section01\Section01.csproj", "{3CD79E7D-88B3-42F6-8328-E4546AD18058}"
EndProject
Project("{FAE04EC0-301F-11D3-BF4B-00C04F79EFBC}") = "Section02", "Chapter05\Section02\Section02.csproj", "{A0E781B1-852F-43E5-AD68-B0C52C5C9797}"
EndProject
Project("{FAE04EC0-301F-11D3-BF4B-00C04F79EFBC}") = "Exercise01", "Chapter05\演習問題\Exercise01\Exercise01.csproj", "{A9E9DFC5-FEA9-4B8A-88A9-396C4B4DDE62}"
EndProject
Project("{FAE04EC0-301F-11D3-BF4B-00C04F79EFBC}") = "Exercise02", "Chapter05\演習問題\Exercise02\Exercise02.csproj", "{1FC07761-BCA8-44C4-AB18-4FA13F55EE64}"
EndProject
Project("{FAE04EC0-301F-11D3-BF4B-00C04F79EFBC}") = "Exercise03", "Chapter05\演習問題\Exercise03\Exercise03.csproj", "{90916211-278B-47F1-96A0-92F62B3896B1}"
EndProject
Project("{2150E333-8FDC-42A3-9474-1A3956D46DE8}") = "Chapter08", "Chapter08", "{1AE05DC2-5DA6-4D00-A051-79C5122B0027}"
EndProject
Project("{2150E333-8FDC-42A3-9474-1A3956D46DE8}") = "演習問題", "演習問題", "{05FE6311-07E3-4018-AA77-1B20FBC0EB7F}"
EndProject
Project("{FAE04EC0-301F-11D3-BF4B-00C04F79EFBC}") = "Exercise01", "Chapter08\演習問題\Exercise01\Exercise01.csproj", "{8338D900-AB1A-4691-AEAA-500E4840FDAD}"
EndProject
Project("{FAE04EC0-301F-11D3-BF4B-00C04F79EFBC}") = "PrefCapitalLocationSystem", "\\172.16.42.1\学生\2024_情報システム\オブジェクト指向プログラミングⅠ\前回休んだ人\Chapter08\PrefCapitalLocationSystem\PrefCapitalLocationSystem.csproj", "{EC4AC882-CE7D-6DC7-79E4-AC30C8F0F538}"
EndProject
Project("{FAE04EC0-301F-11D3-BF4B-00C04F79EFBC}") = "Section03", "Chapter08\Section03\Section03.csproj", "{EBBA423C-05DC-4FBD-AD0B-14DDF112FE6D}"
EndProject
Project("{FAE04EC0-301F-11D3-BF4B-00C04F79EFBC}") = "Exercise02", "Chapter08\演習問題\Exercise02\Exercise02.csproj", "{933D3CF3-FE2F-46FC-9D76-C800BA7A51FE}"
EndProject
Project("{2150E333-8FDC-42A3-9474-1A3956D46DE8}") = "Test01", "Test01", "{9452AFF4-A74B-4E3A-929B-3C4EEAA07AF4}"
EndProject
Project("{FAE04EC0-301F-11D3-BF4B-00C04F79EFBC}") = "Test01", "Test01\Test01\Test01.csproj", "{6EF7678A-A725-F430-3097-30F090C0100A}"
EndProject
Project("{FAE04EC0-301F-11D3-BF4B-00C04F79EFBC}") = "Test02", "Test01\Test02\Test02.csproj", "{010D0C11-D6A2-3CA6-3281-4E0FD547EC2D}"
EndProject
Project("{FAE04EC0-301F-11D3-BF4B-00C04F79EFBC}") = "CarReportSystem", "FormApps\CarReportSystem\CarReportSystem.csproj", "{0B48C449-0B35-182D-2B8C-BFE6C8DF0359}"
EndProject
Project("{2150E333-8FDC-42A3-9474-1A3956D46DE8}") = "Chapter12", "Chapter12", "{389129F8-F510-42B4-8821-D298810BEAC8}"
EndProject
Project("{2150E333-8FDC-42A3-9474-1A3956D46DE8}") = "演習問題", "演習問題", "{33CD5AE6-B4DD-447C-8158-872FA1F462AF}"
EndProject
Project("{FAE04EC0-301F-11D3-BF4B-00C04F79EFBC}") = "Exercise01", "Chapter12\演習問題\Exercise01\Exercise01.csproj", "{F7FAE9B5-026D-40E1-B505-66AB20C8549C}"
EndProject
Project("{FAE04EC0-301F-11D3-BF4B-00C04F79EFBC}") = "Exercise03", "Chapter12\演習問題\Exercise03\Exercise03.csproj", "{414DFFD5-4A0F-DD91-933A-D9585859A325}"
EndProject
Project("{FAE04EC0-301F-11D3-BF4B-00C04F79EFBC}") = "Exercise02", "Chapter12\演習問題\Exercise02\Exercise02.csproj", "{F01C3B69-9D05-4BEF-26EB-57BAD926097B}"
EndProject
Project("{FAE04EC0-301F-11D3-BF4B-00C04F79EFBC}") = "Section01", "Chapter12\Section01\Section01.csproj", "{4109F16C-CC0F-746C-BB8C-6083813C958C}"
EndProject
Project("{FAE04EC0-301F-11D3-BF4B-00C04F79EFBC}") = "RssReader", "FormApps\RssReader\RssReader.csproj", "{03112415-D99F-42A2-A11C-4E211A80E365}"
EndProject
Project("{2150E333-8FDC-42A3-9474-1A3956D46DE8}") = "Test0103", "Test0103", "{F8C7080A-856D-427E-9D70-185E558064C4}"
EndProject
Project("{FAE04EC0-301F-11D3-BF4B-00C04F79EFBC}") = "Test01", "Test202503\Test01\Test01.csproj", "{8AD2EED6-5142-B9D5-EB8B-BB1A11EC0408}"
EndProject
Project("{FAE04EC0-301F-11D3-BF4B-00C04F79EFBC}") = "Test02", "Test202503\Test02\Test02.csproj", "{EA4A8055-1398-D3D7-71C5-6C05759E8DEC}"
EndProject
Project("{2150E333-8FDC-42A3-9474-1A3956D46DE8}") = "Chapter11", "Chapter11", "{1E335F96-BBAF-413D-9A7B-1DBB9C632ED8}"
EndProject
Project("{FAE04EC0-301F-11D3-BF4B-00C04F79EFBC}") = "Section02", "Chapter11\Section02\Section02.csproj", "{4B98F8A4-19CE-4C9D-A234-B0F317408B68}"
EndProject
Project("{2150E333-8FDC-42A3-9474-1A3956D46DE8}") = "演習問題", "演習問題", "{6B2F3633-831A-46BD-AFB3-74959AAA1391}"
EndProject
Project("{FAE04EC0-301F-11D3-BF4B-00C04F79EFBC}") = "Exercise01", "Chapter11\演習問題\Exercise01\Exercise01.csproj", "{AE34B872-3050-4EEC-BACB-A191B4381C73}"
EndProject
Project("{FAE04EC0-301F-11D3-BF4B-00C04F79EFBC}") = "Exercise02", "Chapter11\演習問題\Exercise02\Exercise02.csproj", "{17E7B2D2-E8DE-4B2E-B21F-F84111969152}"
EndProject
Project("{FAE04EC0-301F-11D3-BF4B-00C04F79EFBC}") = "Section03", "Chapter11\Section03\Section03.csproj", "{F3788345-20FF-42C7-AFFC-89B87C1F6D2C}"
EndProject
Project("{FAE04EC0-301F-11D3-BF4B-00C04F79EFBC}") = "Exercise03", "Chapter11\演習問題\Exercise03\Exercise03.csproj", "{2C125EEC-91A2-4F5E-A2F2-37DA397B8016}"
EndProject
Project("{FAE04EC0-301F-11D3-BF4B-00C04F79EFBC}") = "Section04", "Chapter11\Section04\Section04.csproj", "{2F892418-F6FF-4C73-9C1D-FB633513BCEE}"
EndProject
Project("{FAE04EC0-301F-11D3-BF4B-00C04F79EFBC}") = "Exercise04", "Chapter11\演習問題\Exercise04\Exercise04.csproj", "{9841E224-8B38-40F1-9EB4-E5D6BAF35885}"
EndProject
Project("{FAE04EC0-301F-11D3-BF4B-00C04F79EFBC}") = "Exercise05", "Chapter11\演習問題\Exercise05\Exercise05.csproj", "{F74078D4-A961-4663-9A75-9F939FF54F3C}"
EndProject
Project("{2150E333-8FDC-42A3-9474-1A3956D46DE8}") = "WPF", "WPF", "{78F655D2-9408-46AC-899C-9573A66D1182}"
EndProject
Project("{FAE04EC0-301F-11D3-BF4B-00C04F79EFBC}") = "SampleApplication", "WPF\SampleApplication\SampleApplication.csproj", "{670C7917-5AD7-4EEE-9411-9A7A998BD43D}"
EndProject
Project("{FAE04EC0-301F-11D3-BF4B-00C04F79EFBC}") = "SampleSlider", "WPF\SampleSlider\SampleSlider.csproj", "{E95057D8-2DBA-431A-A22E-FDDE53BD436F}"
EndProject
Project("{FAE04EC0-301F-11D3-BF4B-00C04F79EFBC}") = "ColorChecker", "WPF\ColorChecker\ColorChecker.csproj", "{E59C1869-5D0C-446B-BF83-CE0F7DC2AD56}"
EndProject
Project("{FAE04EC0-301F-11D3-BF4B-00C04F79EFBC}") = "HelloWorld", "WPF\HelloWorld\HelloWorld.csproj", "{8FBDDD79-818E-6752-3B00-45F40DDA6723}"
EndProject
Project("{FAE04EC0-301F-11D3-BF4B-00C04F79EFBC}") = "PrismObservesSample", "WPF\PrismObservesSample\PrismObservesSample.csproj", "{BE124861-1A89-48F2-BF33-91447ABD7FCF}"
EndProject
Project("{FAE04EC0-301F-11D3-BF4B-00C04F79EFBC}") = "SampleUnitConverter", "WPF\SampleUnitConverter\SampleUnitConverter.csproj", "{72A7765C-6486-454D-ACCC-2659D38BECF0}"
EndProject
Project("{2150E333-8FDC-42A3-9474-1A3956D46DE8}") = "SQLite", "SQLite", "{343B4DDF-9BCF-4050-9FDB-B14282BB3293}"
EndProject
Project("{FAE04EC0-301F-11D3-BF4B-00C04F79EFBC}") = "Sample", "SQLite\Sample\Sample.csproj", "{917BEC49-2824-4BA9-AA3F-D0CAFD15384A}"
EndProject
Project("{FAE04EC0-301F-11D3-BF4B-00C04F79EFBC}") = "CustomerApp", "SQLite\CustomerApp\CustomerApp.csproj", "{490F5E25-F2B6-4700-AEEA-67C2B0F2A0AB}"
EndProject
Project("{2150E333-8FDC-42A3-9474-1A3956D46DE8}") = "Chapter13", "Chapter13", "{20FCE2B9-37A9-409C-B87C-F2BC81B1DB8F}"
EndProject
Project("{FAE04EC0-301F-11D3-BF4B-00C04F79EFBC}") = "Section01", "Chapter13\Section01\Section01.csproj", "{F752D3BF-E069-4019-A2B4-FF7755ED7F59}"
EndProject
Project("{2150E333-8FDC-42A3-9474-1A3956D46DE8}") = "演習問題", "演習問題", "{248AAFD2-58CB-4F5A-993A-8C846E460DBF}"
EndProject
Project("{FAE04EC0-301F-11D3-BF4B-00C04F79EFBC}") = "Exercise01", "Chapter13\演習問題\Exercise01\Exercise01.csproj", "{7CD64C44-2560-4F18-B5C8-528A27ED4C44}"
EndProject
Project("{2150E333-8FDC-42A3-9474-1A3956D46DE8}") = "Chapter14", "Chapter14", "{43366731-F2F7-4948-A0D6-71AF028DE901}"
EndProject
Project("{FAE04EC0-301F-11D3-BF4B-00C04F79EFBC}") = "Section03", "Chapter14\Section03\Section03.csproj", "{E7D17DA3-5CCE-46FC-B2AC-7DDC3420C68C}"
EndProject
Project("{2150E333-8FDC-42A3-9474-1A3956D46DE8}") = "演習問題", "演習問題", "{20241B02-69A7-41B0-8A6E-BE80826DF597}"
EndProject
Project("{FAE04EC0-301F-11D3-BF4B-00C04F79EFBC}") = "Exercise01", "Chapter14\演習問題\Exercise01\Exercise01.csproj", "{FF3BB68E-2969-45E7-8ABB-8EBEFCA7A447}"
EndProject
Project("{FAE04EC0-301F-11D3-BF4B-00C04F79EFBC}") = "Section04", "Chapter14\Section04\Section04.csproj", "{D79521B9-274E-4B1A-97A4-B565C82D4198}"
EndProject
Project("{FAE04EC0-301F-11D3-BF4B-00C04F79EFBC}") = "WebBroeser", "Chapter14\WebBroeser\WebBroeser.csproj", "{A4A1E95A-C6C5-4437-90D2-E058C5F60E7E}"
EndProject
Project("{FAE04EC0-301F-11D3-BF4B-00C04F79EFBC}") = "Section05", "Chapter14\Section05\Section05.csproj", "{419206CD-BD78-48ED-892F-6831DE6466FB}"
EndProject
Project("{2150E333-8FDC-42A3-9474-1A3956D46DE8}") = "Chapter10", "Chapter10", "{53B58A13-29BE-4836-8034-0FC5841C8AF7}"
EndProject
Project("{FAE04EC0-301F-11D3-BF4B-00C04F79EFBC}") = "Section01", "Chapter10\Section01\Section01.csproj", "{4AB4D9E0-B325-4F6E-BE97-906AF992C256}"
EndProject
Project("{2150E333-8FDC-42A3-9474-1A3956D46DE8}") = "演習問題", "演習問題", "{9AE55288-2CAB-4976-B686-CE42F77438D9}"
EndProject
Project("{FAE04EC0-301F-11D3-BF4B-00C04F79EFBC}") = "Exercise01", "Chapter10\演習問題\Exercise01\Exercise01.csproj", "{6126BFF0-A82C-4A74-8D5E-66F7F0D7C49C}"
EndProject
Project("{2150E333-8FDC-42A3-9474-1A3956D46DE8}") = "Chapter15", "Chapter15", "{0777D59E-3FD7-4FD6-9B28-6189947DB75A}"
EndProject
Project("{FAE04EC0-301F-11D3-BF4B-00C04F79EFBC}") = "Section01", "Chapter15\Section01\Section01.csproj", "{91DFDA9C-AD60-427B-80CA-A51BA63B516F}"
EndProject
Project("{2150E333-8FDC-42A3-9474-1A3956D46DE8}") = "TemplateMethod", "TemplateMethod", "{58278174-88C0-43CC-8E5B-329D915AF0DF}"
EndProject
Project("{FAE04EC0-301F-11D3-BF4B-00C04F79EFBC}") = "TextFileProcessor", "Chapter15\TemplateMethod\TextFileProcessor\TextFileProcessor.csproj", "{7A6EEF4F-3561-4DF4-AD07-FEEFF814EFEA}"
EndProject
Global
	GlobalSection(SolutionConfigurationPlatforms) = preSolution
		Debug|Any CPU = Debug|Any CPU
		Release|Any CPU = Release|Any CPU
	EndGlobalSection
	GlobalSection(ProjectConfigurationPlatforms) = postSolution
		{EA59C7FD-CD0E-40BE-9DC7-3C139E02534D}.Debug|Any CPU.ActiveCfg = Debug|Any CPU
		{EA59C7FD-CD0E-40BE-9DC7-3C139E02534D}.Debug|Any CPU.Build.0 = Debug|Any CPU
		{EA59C7FD-CD0E-40BE-9DC7-3C139E02534D}.Release|Any CPU.ActiveCfg = Release|Any CPU
		{EA59C7FD-CD0E-40BE-9DC7-3C139E02534D}.Release|Any CPU.Build.0 = Release|Any CPU
		{50843B7D-AAED-4E1D-AC7E-161E3D422D4A}.Debug|Any CPU.ActiveCfg = Debug|Any CPU
		{50843B7D-AAED-4E1D-AC7E-161E3D422D4A}.Debug|Any CPU.Build.0 = Debug|Any CPU
		{50843B7D-AAED-4E1D-AC7E-161E3D422D4A}.Release|Any CPU.ActiveCfg = Release|Any CPU
		{50843B7D-AAED-4E1D-AC7E-161E3D422D4A}.Release|Any CPU.Build.0 = Release|Any CPU
		{2EA8AD4E-9035-4D96-B38D-C250D74708FE}.Debug|Any CPU.ActiveCfg = Debug|Any CPU
		{2EA8AD4E-9035-4D96-B38D-C250D74708FE}.Debug|Any CPU.Build.0 = Debug|Any CPU
		{2EA8AD4E-9035-4D96-B38D-C250D74708FE}.Release|Any CPU.ActiveCfg = Release|Any CPU
		{2EA8AD4E-9035-4D96-B38D-C250D74708FE}.Release|Any CPU.Build.0 = Release|Any CPU
		{10D6F543-9A40-4BC6-AA18-1E29C43E8BAA}.Debug|Any CPU.ActiveCfg = Debug|Any CPU
		{10D6F543-9A40-4BC6-AA18-1E29C43E8BAA}.Debug|Any CPU.Build.0 = Debug|Any CPU
		{10D6F543-9A40-4BC6-AA18-1E29C43E8BAA}.Release|Any CPU.ActiveCfg = Release|Any CPU
		{10D6F543-9A40-4BC6-AA18-1E29C43E8BAA}.Release|Any CPU.Build.0 = Release|Any CPU
		{B964E54C-32A7-47B6-82EB-DF0DAD338127}.Debug|Any CPU.ActiveCfg = Debug|Any CPU
		{B964E54C-32A7-47B6-82EB-DF0DAD338127}.Debug|Any CPU.Build.0 = Debug|Any CPU
		{B964E54C-32A7-47B6-82EB-DF0DAD338127}.Release|Any CPU.ActiveCfg = Release|Any CPU
		{B964E54C-32A7-47B6-82EB-DF0DAD338127}.Release|Any CPU.Build.0 = Release|Any CPU
		{17A89C66-7998-4AD1-A506-C7EFE0CE4AE6}.Debug|Any CPU.ActiveCfg = Debug|Any CPU
		{17A89C66-7998-4AD1-A506-C7EFE0CE4AE6}.Debug|Any CPU.Build.0 = Debug|Any CPU
		{17A89C66-7998-4AD1-A506-C7EFE0CE4AE6}.Release|Any CPU.ActiveCfg = Release|Any CPU
		{17A89C66-7998-4AD1-A506-C7EFE0CE4AE6}.Release|Any CPU.Build.0 = Release|Any CPU
		{697FEC80-DE5F-F167-2E9C-702E7D330C53}.Debug|Any CPU.ActiveCfg = Debug|Any CPU
		{697FEC80-DE5F-F167-2E9C-702E7D330C53}.Debug|Any CPU.Build.0 = Debug|Any CPU
		{697FEC80-DE5F-F167-2E9C-702E7D330C53}.Release|Any CPU.ActiveCfg = Release|Any CPU
		{697FEC80-DE5F-F167-2E9C-702E7D330C53}.Release|Any CPU.Build.0 = Release|Any CPU
		{8FDA2681-A4D0-43A4-AC70-3BD1750E2E73}.Debug|Any CPU.ActiveCfg = Debug|Any CPU
		{8FDA2681-A4D0-43A4-AC70-3BD1750E2E73}.Debug|Any CPU.Build.0 = Debug|Any CPU
		{8FDA2681-A4D0-43A4-AC70-3BD1750E2E73}.Release|Any CPU.ActiveCfg = Release|Any CPU
		{8FDA2681-A4D0-43A4-AC70-3BD1750E2E73}.Release|Any CPU.Build.0 = Release|Any CPU
		{B236897A-26BA-4240-AB48-DE7EDC7106D9}.Debug|Any CPU.ActiveCfg = Debug|Any CPU
		{B236897A-26BA-4240-AB48-DE7EDC7106D9}.Debug|Any CPU.Build.0 = Debug|Any CPU
		{B236897A-26BA-4240-AB48-DE7EDC7106D9}.Release|Any CPU.ActiveCfg = Release|Any CPU
		{B236897A-26BA-4240-AB48-DE7EDC7106D9}.Release|Any CPU.Build.0 = Release|Any CPU
		{3A95A141-AAD8-CCAB-6F75-1E63A7123829}.Debug|Any CPU.ActiveCfg = Debug|Any CPU
		{3A95A141-AAD8-CCAB-6F75-1E63A7123829}.Debug|Any CPU.Build.0 = Debug|Any CPU
		{3A95A141-AAD8-CCAB-6F75-1E63A7123829}.Release|Any CPU.ActiveCfg = Release|Any CPU
		{3A95A141-AAD8-CCAB-6F75-1E63A7123829}.Release|Any CPU.Build.0 = Release|Any CPU
		{94DD345E-7CED-4741-C3E7-505B445CE161}.Debug|Any CPU.ActiveCfg = Debug|Any CPU
		{94DD345E-7CED-4741-C3E7-505B445CE161}.Debug|Any CPU.Build.0 = Debug|Any CPU
		{94DD345E-7CED-4741-C3E7-505B445CE161}.Release|Any CPU.ActiveCfg = Release|Any CPU
		{94DD345E-7CED-4741-C3E7-505B445CE161}.Release|Any CPU.Build.0 = Release|Any CPU
		{43782E45-CEDB-2C9D-3C85-2E5DAB9E8549}.Debug|Any CPU.ActiveCfg = Debug|Any CPU
		{43782E45-CEDB-2C9D-3C85-2E5DAB9E8549}.Debug|Any CPU.Build.0 = Debug|Any CPU
		{43782E45-CEDB-2C9D-3C85-2E5DAB9E8549}.Release|Any CPU.ActiveCfg = Release|Any CPU
		{43782E45-CEDB-2C9D-3C85-2E5DAB9E8549}.Release|Any CPU.Build.0 = Release|Any CPU
		{4A20A7E5-42BB-490F-975D-87C8AD09088C}.Debug|Any CPU.ActiveCfg = Debug|Any CPU
		{4A20A7E5-42BB-490F-975D-87C8AD09088C}.Debug|Any CPU.Build.0 = Debug|Any CPU
		{4A20A7E5-42BB-490F-975D-87C8AD09088C}.Release|Any CPU.ActiveCfg = Release|Any CPU
		{4A20A7E5-42BB-490F-975D-87C8AD09088C}.Release|Any CPU.Build.0 = Release|Any CPU
		{01DE8084-27C1-4C82-9307-CB7CB39632BB}.Debug|Any CPU.ActiveCfg = Debug|Any CPU
		{01DE8084-27C1-4C82-9307-CB7CB39632BB}.Debug|Any CPU.Build.0 = Debug|Any CPU
		{01DE8084-27C1-4C82-9307-CB7CB39632BB}.Release|Any CPU.ActiveCfg = Release|Any CPU
		{01DE8084-27C1-4C82-9307-CB7CB39632BB}.Release|Any CPU.Build.0 = Release|Any CPU
		{2A3DB665-792A-EF1C-FE4D-1D7C7D679BB4}.Debug|Any CPU.ActiveCfg = Debug|Any CPU
		{2A3DB665-792A-EF1C-FE4D-1D7C7D679BB4}.Debug|Any CPU.Build.0 = Debug|Any CPU
		{2A3DB665-792A-EF1C-FE4D-1D7C7D679BB4}.Release|Any CPU.ActiveCfg = Release|Any CPU
		{2A3DB665-792A-EF1C-FE4D-1D7C7D679BB4}.Release|Any CPU.Build.0 = Release|Any CPU
		{3E0DCF73-78D3-492A-BAC2-1636C4651D21}.Debug|Any CPU.ActiveCfg = Debug|Any CPU
		{3E0DCF73-78D3-492A-BAC2-1636C4651D21}.Debug|Any CPU.Build.0 = Debug|Any CPU
		{3E0DCF73-78D3-492A-BAC2-1636C4651D21}.Release|Any CPU.ActiveCfg = Release|Any CPU
		{3E0DCF73-78D3-492A-BAC2-1636C4651D21}.Release|Any CPU.Build.0 = Release|Any CPU
		{F278F24B-E071-43BA-876B-7E4BD3D2ECCA}.Debug|Any CPU.ActiveCfg = Debug|Any CPU
		{F278F24B-E071-43BA-876B-7E4BD3D2ECCA}.Debug|Any CPU.Build.0 = Debug|Any CPU
		{F278F24B-E071-43BA-876B-7E4BD3D2ECCA}.Release|Any CPU.ActiveCfg = Release|Any CPU
		{F278F24B-E071-43BA-876B-7E4BD3D2ECCA}.Release|Any CPU.Build.0 = Release|Any CPU
		{674FCD7E-82B2-47D0-92EC-A0EE17785C5E}.Debug|Any CPU.ActiveCfg = Debug|Any CPU
		{674FCD7E-82B2-47D0-92EC-A0EE17785C5E}.Debug|Any CPU.Build.0 = Debug|Any CPU
		{674FCD7E-82B2-47D0-92EC-A0EE17785C5E}.Release|Any CPU.ActiveCfg = Release|Any CPU
		{674FCD7E-82B2-47D0-92EC-A0EE17785C5E}.Release|Any CPU.Build.0 = Release|Any CPU
		{A3F072DC-AEA0-4931-BD62-4EA5D49A8F7D}.Debug|Any CPU.ActiveCfg = Debug|Any CPU
		{A3F072DC-AEA0-4931-BD62-4EA5D49A8F7D}.Debug|Any CPU.Build.0 = Debug|Any CPU
		{A3F072DC-AEA0-4931-BD62-4EA5D49A8F7D}.Release|Any CPU.ActiveCfg = Release|Any CPU
		{A3F072DC-AEA0-4931-BD62-4EA5D49A8F7D}.Release|Any CPU.Build.0 = Release|Any CPU
		{B607F8FF-0C14-456C-968D-F12B3FD184DE}.Debug|Any CPU.ActiveCfg = Debug|Any CPU
		{B607F8FF-0C14-456C-968D-F12B3FD184DE}.Debug|Any CPU.Build.0 = Debug|Any CPU
		{B607F8FF-0C14-456C-968D-F12B3FD184DE}.Release|Any CPU.ActiveCfg = Release|Any CPU
		{B607F8FF-0C14-456C-968D-F12B3FD184DE}.Release|Any CPU.Build.0 = Release|Any CPU
		{D24AE644-6CFA-457D-90B0-3A1309CA4224}.Debug|Any CPU.ActiveCfg = Debug|Any CPU
		{D24AE644-6CFA-457D-90B0-3A1309CA4224}.Debug|Any CPU.Build.0 = Debug|Any CPU
		{D24AE644-6CFA-457D-90B0-3A1309CA4224}.Release|Any CPU.ActiveCfg = Release|Any CPU
		{D24AE644-6CFA-457D-90B0-3A1309CA4224}.Release|Any CPU.Build.0 = Release|Any CPU
		{360D3832-6278-4221-920A-5A934DD9253A}.Debug|Any CPU.ActiveCfg = Debug|Any CPU
		{360D3832-6278-4221-920A-5A934DD9253A}.Debug|Any CPU.Build.0 = Debug|Any CPU
		{360D3832-6278-4221-920A-5A934DD9253A}.Release|Any CPU.ActiveCfg = Release|Any CPU
		{360D3832-6278-4221-920A-5A934DD9253A}.Release|Any CPU.Build.0 = Release|Any CPU
		{CDE488CC-7E31-A2E1-38E0-075BA7884A62}.Debug|Any CPU.ActiveCfg = Debug|Any CPU
		{CDE488CC-7E31-A2E1-38E0-075BA7884A62}.Debug|Any CPU.Build.0 = Debug|Any CPU
		{CDE488CC-7E31-A2E1-38E0-075BA7884A62}.Release|Any CPU.ActiveCfg = Release|Any CPU
		{CDE488CC-7E31-A2E1-38E0-075BA7884A62}.Release|Any CPU.Build.0 = Release|Any CPU
		{2842EF6A-A572-9CC2-A5F3-6845F599FCEB}.Debug|Any CPU.ActiveCfg = Debug|Any CPU
		{2842EF6A-A572-9CC2-A5F3-6845F599FCEB}.Debug|Any CPU.Build.0 = Debug|Any CPU
		{2842EF6A-A572-9CC2-A5F3-6845F599FCEB}.Release|Any CPU.ActiveCfg = Release|Any CPU
		{2842EF6A-A572-9CC2-A5F3-6845F599FCEB}.Release|Any CPU.Build.0 = Release|Any CPU
		{3CD79E7D-88B3-42F6-8328-E4546AD18058}.Debug|Any CPU.ActiveCfg = Debug|Any CPU
		{3CD79E7D-88B3-42F6-8328-E4546AD18058}.Debug|Any CPU.Build.0 = Debug|Any CPU
		{3CD79E7D-88B3-42F6-8328-E4546AD18058}.Release|Any CPU.ActiveCfg = Release|Any CPU
		{3CD79E7D-88B3-42F6-8328-E4546AD18058}.Release|Any CPU.Build.0 = Release|Any CPU
		{A0E781B1-852F-43E5-AD68-B0C52C5C9797}.Debug|Any CPU.ActiveCfg = Debug|Any CPU
		{A0E781B1-852F-43E5-AD68-B0C52C5C9797}.Debug|Any CPU.Build.0 = Debug|Any CPU
		{A0E781B1-852F-43E5-AD68-B0C52C5C9797}.Release|Any CPU.ActiveCfg = Release|Any CPU
		{A0E781B1-852F-43E5-AD68-B0C52C5C9797}.Release|Any CPU.Build.0 = Release|Any CPU
		{A9E9DFC5-FEA9-4B8A-88A9-396C4B4DDE62}.Debug|Any CPU.ActiveCfg = Debug|Any CPU
		{A9E9DFC5-FEA9-4B8A-88A9-396C4B4DDE62}.Debug|Any CPU.Build.0 = Debug|Any CPU
		{A9E9DFC5-FEA9-4B8A-88A9-396C4B4DDE62}.Release|Any CPU.ActiveCfg = Release|Any CPU
		{A9E9DFC5-FEA9-4B8A-88A9-396C4B4DDE62}.Release|Any CPU.Build.0 = Release|Any CPU
		{1FC07761-BCA8-44C4-AB18-4FA13F55EE64}.Debug|Any CPU.ActiveCfg = Debug|Any CPU
		{1FC07761-BCA8-44C4-AB18-4FA13F55EE64}.Debug|Any CPU.Build.0 = Debug|Any CPU
		{1FC07761-BCA8-44C4-AB18-4FA13F55EE64}.Release|Any CPU.ActiveCfg = Release|Any CPU
		{1FC07761-BCA8-44C4-AB18-4FA13F55EE64}.Release|Any CPU.Build.0 = Release|Any CPU
		{90916211-278B-47F1-96A0-92F62B3896B1}.Debug|Any CPU.ActiveCfg = Debug|Any CPU
		{90916211-278B-47F1-96A0-92F62B3896B1}.Debug|Any CPU.Build.0 = Debug|Any CPU
		{90916211-278B-47F1-96A0-92F62B3896B1}.Release|Any CPU.ActiveCfg = Release|Any CPU
		{90916211-278B-47F1-96A0-92F62B3896B1}.Release|Any CPU.Build.0 = Release|Any CPU
		{8338D900-AB1A-4691-AEAA-500E4840FDAD}.Debug|Any CPU.ActiveCfg = Debug|Any CPU
		{8338D900-AB1A-4691-AEAA-500E4840FDAD}.Debug|Any CPU.Build.0 = Debug|Any CPU
		{8338D900-AB1A-4691-AEAA-500E4840FDAD}.Release|Any CPU.ActiveCfg = Release|Any CPU
		{8338D900-AB1A-4691-AEAA-500E4840FDAD}.Release|Any CPU.Build.0 = Release|Any CPU
		{EC4AC882-CE7D-6DC7-79E4-AC30C8F0F538}.Debug|Any CPU.ActiveCfg = Debug|Any CPU
		{EC4AC882-CE7D-6DC7-79E4-AC30C8F0F538}.Debug|Any CPU.Build.0 = Debug|Any CPU
		{EC4AC882-CE7D-6DC7-79E4-AC30C8F0F538}.Release|Any CPU.ActiveCfg = Release|Any CPU
		{EC4AC882-CE7D-6DC7-79E4-AC30C8F0F538}.Release|Any CPU.Build.0 = Release|Any CPU
		{EBBA423C-05DC-4FBD-AD0B-14DDF112FE6D}.Debug|Any CPU.ActiveCfg = Debug|Any CPU
		{EBBA423C-05DC-4FBD-AD0B-14DDF112FE6D}.Debug|Any CPU.Build.0 = Debug|Any CPU
		{EBBA423C-05DC-4FBD-AD0B-14DDF112FE6D}.Release|Any CPU.ActiveCfg = Release|Any CPU
		{EBBA423C-05DC-4FBD-AD0B-14DDF112FE6D}.Release|Any CPU.Build.0 = Release|Any CPU
		{933D3CF3-FE2F-46FC-9D76-C800BA7A51FE}.Debug|Any CPU.ActiveCfg = Debug|Any CPU
		{933D3CF3-FE2F-46FC-9D76-C800BA7A51FE}.Debug|Any CPU.Build.0 = Debug|Any CPU
		{933D3CF3-FE2F-46FC-9D76-C800BA7A51FE}.Release|Any CPU.ActiveCfg = Release|Any CPU
		{933D3CF3-FE2F-46FC-9D76-C800BA7A51FE}.Release|Any CPU.Build.0 = Release|Any CPU
		{6EF7678A-A725-F430-3097-30F090C0100A}.Debug|Any CPU.ActiveCfg = Debug|Any CPU
		{6EF7678A-A725-F430-3097-30F090C0100A}.Debug|Any CPU.Build.0 = Debug|Any CPU
		{6EF7678A-A725-F430-3097-30F090C0100A}.Release|Any CPU.ActiveCfg = Release|Any CPU
		{6EF7678A-A725-F430-3097-30F090C0100A}.Release|Any CPU.Build.0 = Release|Any CPU
		{010D0C11-D6A2-3CA6-3281-4E0FD547EC2D}.Debug|Any CPU.ActiveCfg = Debug|Any CPU
		{010D0C11-D6A2-3CA6-3281-4E0FD547EC2D}.Debug|Any CPU.Build.0 = Debug|Any CPU
		{010D0C11-D6A2-3CA6-3281-4E0FD547EC2D}.Release|Any CPU.ActiveCfg = Release|Any CPU
		{010D0C11-D6A2-3CA6-3281-4E0FD547EC2D}.Release|Any CPU.Build.0 = Release|Any CPU
		{0B48C449-0B35-182D-2B8C-BFE6C8DF0359}.Debug|Any CPU.ActiveCfg = Debug|Any CPU
		{0B48C449-0B35-182D-2B8C-BFE6C8DF0359}.Debug|Any CPU.Build.0 = Debug|Any CPU
		{0B48C449-0B35-182D-2B8C-BFE6C8DF0359}.Release|Any CPU.ActiveCfg = Release|Any CPU
		{0B48C449-0B35-182D-2B8C-BFE6C8DF0359}.Release|Any CPU.Build.0 = Release|Any CPU
		{F7FAE9B5-026D-40E1-B505-66AB20C8549C}.Debug|Any CPU.ActiveCfg = Debug|Any CPU
		{F7FAE9B5-026D-40E1-B505-66AB20C8549C}.Debug|Any CPU.Build.0 = Debug|Any CPU
		{F7FAE9B5-026D-40E1-B505-66AB20C8549C}.Release|Any CPU.ActiveCfg = Release|Any CPU
		{F7FAE9B5-026D-40E1-B505-66AB20C8549C}.Release|Any CPU.Build.0 = Release|Any CPU
		{414DFFD5-4A0F-DD91-933A-D9585859A325}.Debug|Any CPU.ActiveCfg = Debug|Any CPU
		{414DFFD5-4A0F-DD91-933A-D9585859A325}.Debug|Any CPU.Build.0 = Debug|Any CPU
		{414DFFD5-4A0F-DD91-933A-D9585859A325}.Release|Any CPU.ActiveCfg = Release|Any CPU
		{414DFFD5-4A0F-DD91-933A-D9585859A325}.Release|Any CPU.Build.0 = Release|Any CPU
		{F01C3B69-9D05-4BEF-26EB-57BAD926097B}.Debug|Any CPU.ActiveCfg = Debug|Any CPU
		{F01C3B69-9D05-4BEF-26EB-57BAD926097B}.Debug|Any CPU.Build.0 = Debug|Any CPU
		{F01C3B69-9D05-4BEF-26EB-57BAD926097B}.Release|Any CPU.ActiveCfg = Release|Any CPU
		{F01C3B69-9D05-4BEF-26EB-57BAD926097B}.Release|Any CPU.Build.0 = Release|Any CPU
		{4109F16C-CC0F-746C-BB8C-6083813C958C}.Debug|Any CPU.ActiveCfg = Debug|Any CPU
		{4109F16C-CC0F-746C-BB8C-6083813C958C}.Debug|Any CPU.Build.0 = Debug|Any CPU
		{4109F16C-CC0F-746C-BB8C-6083813C958C}.Release|Any CPU.ActiveCfg = Release|Any CPU
		{4109F16C-CC0F-746C-BB8C-6083813C958C}.Release|Any CPU.Build.0 = Release|Any CPU
		{03112415-D99F-42A2-A11C-4E211A80E365}.Debug|Any CPU.ActiveCfg = Debug|Any CPU
		{03112415-D99F-42A2-A11C-4E211A80E365}.Debug|Any CPU.Build.0 = Debug|Any CPU
		{03112415-D99F-42A2-A11C-4E211A80E365}.Release|Any CPU.ActiveCfg = Release|Any CPU
		{03112415-D99F-42A2-A11C-4E211A80E365}.Release|Any CPU.Build.0 = Release|Any CPU
		{8AD2EED6-5142-B9D5-EB8B-BB1A11EC0408}.Debug|Any CPU.ActiveCfg = Debug|Any CPU
		{8AD2EED6-5142-B9D5-EB8B-BB1A11EC0408}.Debug|Any CPU.Build.0 = Debug|Any CPU
		{8AD2EED6-5142-B9D5-EB8B-BB1A11EC0408}.Release|Any CPU.ActiveCfg = Release|Any CPU
		{8AD2EED6-5142-B9D5-EB8B-BB1A11EC0408}.Release|Any CPU.Build.0 = Release|Any CPU
		{EA4A8055-1398-D3D7-71C5-6C05759E8DEC}.Debug|Any CPU.ActiveCfg = Debug|Any CPU
		{EA4A8055-1398-D3D7-71C5-6C05759E8DEC}.Debug|Any CPU.Build.0 = Debug|Any CPU
		{EA4A8055-1398-D3D7-71C5-6C05759E8DEC}.Release|Any CPU.ActiveCfg = Release|Any CPU
		{EA4A8055-1398-D3D7-71C5-6C05759E8DEC}.Release|Any CPU.Build.0 = Release|Any CPU
		{4B98F8A4-19CE-4C9D-A234-B0F317408B68}.Debug|Any CPU.ActiveCfg = Debug|Any CPU
		{4B98F8A4-19CE-4C9D-A234-B0F317408B68}.Debug|Any CPU.Build.0 = Debug|Any CPU
		{4B98F8A4-19CE-4C9D-A234-B0F317408B68}.Release|Any CPU.ActiveCfg = Release|Any CPU
		{4B98F8A4-19CE-4C9D-A234-B0F317408B68}.Release|Any CPU.Build.0 = Release|Any CPU
		{AE34B872-3050-4EEC-BACB-A191B4381C73}.Debug|Any CPU.ActiveCfg = Debug|Any CPU
		{AE34B872-3050-4EEC-BACB-A191B4381C73}.Debug|Any CPU.Build.0 = Debug|Any CPU
		{AE34B872-3050-4EEC-BACB-A191B4381C73}.Release|Any CPU.ActiveCfg = Release|Any CPU
		{AE34B872-3050-4EEC-BACB-A191B4381C73}.Release|Any CPU.Build.0 = Release|Any CPU
		{17E7B2D2-E8DE-4B2E-B21F-F84111969152}.Debug|Any CPU.ActiveCfg = Debug|Any CPU
		{17E7B2D2-E8DE-4B2E-B21F-F84111969152}.Debug|Any CPU.Build.0 = Debug|Any CPU
		{17E7B2D2-E8DE-4B2E-B21F-F84111969152}.Release|Any CPU.ActiveCfg = Release|Any CPU
		{17E7B2D2-E8DE-4B2E-B21F-F84111969152}.Release|Any CPU.Build.0 = Release|Any CPU
		{F3788345-20FF-42C7-AFFC-89B87C1F6D2C}.Debug|Any CPU.ActiveCfg = Debug|Any CPU
		{F3788345-20FF-42C7-AFFC-89B87C1F6D2C}.Debug|Any CPU.Build.0 = Debug|Any CPU
		{F3788345-20FF-42C7-AFFC-89B87C1F6D2C}.Release|Any CPU.ActiveCfg = Release|Any CPU
		{F3788345-20FF-42C7-AFFC-89B87C1F6D2C}.Release|Any CPU.Build.0 = Release|Any CPU
		{2C125EEC-91A2-4F5E-A2F2-37DA397B8016}.Debug|Any CPU.ActiveCfg = Debug|Any CPU
		{2C125EEC-91A2-4F5E-A2F2-37DA397B8016}.Debug|Any CPU.Build.0 = Debug|Any CPU
		{2C125EEC-91A2-4F5E-A2F2-37DA397B8016}.Release|Any CPU.ActiveCfg = Release|Any CPU
		{2C125EEC-91A2-4F5E-A2F2-37DA397B8016}.Release|Any CPU.Build.0 = Release|Any CPU
		{2F892418-F6FF-4C73-9C1D-FB633513BCEE}.Debug|Any CPU.ActiveCfg = Debug|Any CPU
		{2F892418-F6FF-4C73-9C1D-FB633513BCEE}.Debug|Any CPU.Build.0 = Debug|Any CPU
		{2F892418-F6FF-4C73-9C1D-FB633513BCEE}.Release|Any CPU.ActiveCfg = Release|Any CPU
		{2F892418-F6FF-4C73-9C1D-FB633513BCEE}.Release|Any CPU.Build.0 = Release|Any CPU
		{9841E224-8B38-40F1-9EB4-E5D6BAF35885}.Debug|Any CPU.ActiveCfg = Debug|Any CPU
		{9841E224-8B38-40F1-9EB4-E5D6BAF35885}.Debug|Any CPU.Build.0 = Debug|Any CPU
		{9841E224-8B38-40F1-9EB4-E5D6BAF35885}.Release|Any CPU.ActiveCfg = Release|Any CPU
		{9841E224-8B38-40F1-9EB4-E5D6BAF35885}.Release|Any CPU.Build.0 = Release|Any CPU
		{F74078D4-A961-4663-9A75-9F939FF54F3C}.Debug|Any CPU.ActiveCfg = Debug|Any CPU
		{F74078D4-A961-4663-9A75-9F939FF54F3C}.Debug|Any CPU.Build.0 = Debug|Any CPU
		{F74078D4-A961-4663-9A75-9F939FF54F3C}.Release|Any CPU.ActiveCfg = Release|Any CPU
		{F74078D4-A961-4663-9A75-9F939FF54F3C}.Release|Any CPU.Build.0 = Release|Any CPU
		{670C7917-5AD7-4EEE-9411-9A7A998BD43D}.Debug|Any CPU.ActiveCfg = Debug|Any CPU
		{670C7917-5AD7-4EEE-9411-9A7A998BD43D}.Debug|Any CPU.Build.0 = Debug|Any CPU
		{670C7917-5AD7-4EEE-9411-9A7A998BD43D}.Release|Any CPU.ActiveCfg = Release|Any CPU
		{670C7917-5AD7-4EEE-9411-9A7A998BD43D}.Release|Any CPU.Build.0 = Release|Any CPU
		{E95057D8-2DBA-431A-A22E-FDDE53BD436F}.Debug|Any CPU.ActiveCfg = Debug|Any CPU
		{E95057D8-2DBA-431A-A22E-FDDE53BD436F}.Debug|Any CPU.Build.0 = Debug|Any CPU
		{E95057D8-2DBA-431A-A22E-FDDE53BD436F}.Release|Any CPU.ActiveCfg = Release|Any CPU
		{E95057D8-2DBA-431A-A22E-FDDE53BD436F}.Release|Any CPU.Build.0 = Release|Any CPU
		{E59C1869-5D0C-446B-BF83-CE0F7DC2AD56}.Debug|Any CPU.ActiveCfg = Debug|Any CPU
		{E59C1869-5D0C-446B-BF83-CE0F7DC2AD56}.Debug|Any CPU.Build.0 = Debug|Any CPU
		{E59C1869-5D0C-446B-BF83-CE0F7DC2AD56}.Release|Any CPU.ActiveCfg = Release|Any CPU
		{E59C1869-5D0C-446B-BF83-CE0F7DC2AD56}.Release|Any CPU.Build.0 = Release|Any CPU
		{8FBDDD79-818E-6752-3B00-45F40DDA6723}.Debug|Any CPU.ActiveCfg = Debug|Any CPU
		{8FBDDD79-818E-6752-3B00-45F40DDA6723}.Debug|Any CPU.Build.0 = Debug|Any CPU
		{8FBDDD79-818E-6752-3B00-45F40DDA6723}.Release|Any CPU.ActiveCfg = Release|Any CPU
		{8FBDDD79-818E-6752-3B00-45F40DDA6723}.Release|Any CPU.Build.0 = Release|Any CPU
		{BE124861-1A89-48F2-BF33-91447ABD7FCF}.Debug|Any CPU.ActiveCfg = Debug|Any CPU
		{BE124861-1A89-48F2-BF33-91447ABD7FCF}.Debug|Any CPU.Build.0 = Debug|Any CPU
		{BE124861-1A89-48F2-BF33-91447ABD7FCF}.Release|Any CPU.ActiveCfg = Release|Any CPU
		{BE124861-1A89-48F2-BF33-91447ABD7FCF}.Release|Any CPU.Build.0 = Release|Any CPU
		{72A7765C-6486-454D-ACCC-2659D38BECF0}.Debug|Any CPU.ActiveCfg = Debug|Any CPU
		{72A7765C-6486-454D-ACCC-2659D38BECF0}.Debug|Any CPU.Build.0 = Debug|Any CPU
		{72A7765C-6486-454D-ACCC-2659D38BECF0}.Release|Any CPU.ActiveCfg = Release|Any CPU
		{72A7765C-6486-454D-ACCC-2659D38BECF0}.Release|Any CPU.Build.0 = Release|Any CPU
		{917BEC49-2824-4BA9-AA3F-D0CAFD15384A}.Debug|Any CPU.ActiveCfg = Debug|Any CPU
		{917BEC49-2824-4BA9-AA3F-D0CAFD15384A}.Debug|Any CPU.Build.0 = Debug|Any CPU
		{917BEC49-2824-4BA9-AA3F-D0CAFD15384A}.Release|Any CPU.ActiveCfg = Release|Any CPU
		{917BEC49-2824-4BA9-AA3F-D0CAFD15384A}.Release|Any CPU.Build.0 = Release|Any CPU
		{490F5E25-F2B6-4700-AEEA-67C2B0F2A0AB}.Debug|Any CPU.ActiveCfg = Debug|Any CPU
		{490F5E25-F2B6-4700-AEEA-67C2B0F2A0AB}.Debug|Any CPU.Build.0 = Debug|Any CPU
		{490F5E25-F2B6-4700-AEEA-67C2B0F2A0AB}.Release|Any CPU.ActiveCfg = Release|Any CPU
		{490F5E25-F2B6-4700-AEEA-67C2B0F2A0AB}.Release|Any CPU.Build.0 = Release|Any CPU
		{F752D3BF-E069-4019-A2B4-FF7755ED7F59}.Debug|Any CPU.ActiveCfg = Debug|Any CPU
		{F752D3BF-E069-4019-A2B4-FF7755ED7F59}.Debug|Any CPU.Build.0 = Debug|Any CPU
		{F752D3BF-E069-4019-A2B4-FF7755ED7F59}.Release|Any CPU.ActiveCfg = Release|Any CPU
		{F752D3BF-E069-4019-A2B4-FF7755ED7F59}.Release|Any CPU.Build.0 = Release|Any CPU
		{7CD64C44-2560-4F18-B5C8-528A27ED4C44}.Debug|Any CPU.ActiveCfg = Debug|Any CPU
		{7CD64C44-2560-4F18-B5C8-528A27ED4C44}.Debug|Any CPU.Build.0 = Debug|Any CPU
		{7CD64C44-2560-4F18-B5C8-528A27ED4C44}.Release|Any CPU.ActiveCfg = Release|Any CPU
		{7CD64C44-2560-4F18-B5C8-528A27ED4C44}.Release|Any CPU.Build.0 = Release|Any CPU
		{E7D17DA3-5CCE-46FC-B2AC-7DDC3420C68C}.Debug|Any CPU.ActiveCfg = Debug|Any CPU
		{E7D17DA3-5CCE-46FC-B2AC-7DDC3420C68C}.Debug|Any CPU.Build.0 = Debug|Any CPU
		{E7D17DA3-5CCE-46FC-B2AC-7DDC3420C68C}.Release|Any CPU.ActiveCfg = Release|Any CPU
		{E7D17DA3-5CCE-46FC-B2AC-7DDC3420C68C}.Release|Any CPU.Build.0 = Release|Any CPU
		{FF3BB68E-2969-45E7-8ABB-8EBEFCA7A447}.Debug|Any CPU.ActiveCfg = Debug|Any CPU
		{FF3BB68E-2969-45E7-8ABB-8EBEFCA7A447}.Debug|Any CPU.Build.0 = Debug|Any CPU
		{FF3BB68E-2969-45E7-8ABB-8EBEFCA7A447}.Release|Any CPU.ActiveCfg = Release|Any CPU
		{FF3BB68E-2969-45E7-8ABB-8EBEFCA7A447}.Release|Any CPU.Build.0 = Release|Any CPU
		{D79521B9-274E-4B1A-97A4-B565C82D4198}.Debug|Any CPU.ActiveCfg = Debug|Any CPU
		{D79521B9-274E-4B1A-97A4-B565C82D4198}.Debug|Any CPU.Build.0 = Debug|Any CPU
		{D79521B9-274E-4B1A-97A4-B565C82D4198}.Release|Any CPU.ActiveCfg = Release|Any CPU
		{D79521B9-274E-4B1A-97A4-B565C82D4198}.Release|Any CPU.Build.0 = Release|Any CPU
		{A4A1E95A-C6C5-4437-90D2-E058C5F60E7E}.Debug|Any CPU.ActiveCfg = Debug|Any CPU
		{A4A1E95A-C6C5-4437-90D2-E058C5F60E7E}.Debug|Any CPU.Build.0 = Debug|Any CPU
		{A4A1E95A-C6C5-4437-90D2-E058C5F60E7E}.Release|Any CPU.ActiveCfg = Release|Any CPU
		{A4A1E95A-C6C5-4437-90D2-E058C5F60E7E}.Release|Any CPU.Build.0 = Release|Any CPU
		{419206CD-BD78-48ED-892F-6831DE6466FB}.Debug|Any CPU.ActiveCfg = Debug|Any CPU
		{419206CD-BD78-48ED-892F-6831DE6466FB}.Debug|Any CPU.Build.0 = Debug|Any CPU
		{419206CD-BD78-48ED-892F-6831DE6466FB}.Release|Any CPU.ActiveCfg = Release|Any CPU
		{419206CD-BD78-48ED-892F-6831DE6466FB}.Release|Any CPU.Build.0 = Release|Any CPU
		{4AB4D9E0-B325-4F6E-BE97-906AF992C256}.Debug|Any CPU.ActiveCfg = Debug|Any CPU
		{4AB4D9E0-B325-4F6E-BE97-906AF992C256}.Debug|Any CPU.Build.0 = Debug|Any CPU
		{4AB4D9E0-B325-4F6E-BE97-906AF992C256}.Release|Any CPU.ActiveCfg = Release|Any CPU
		{4AB4D9E0-B325-4F6E-BE97-906AF992C256}.Release|Any CPU.Build.0 = Release|Any CPU
		{6126BFF0-A82C-4A74-8D5E-66F7F0D7C49C}.Debug|Any CPU.ActiveCfg = Debug|Any CPU
		{6126BFF0-A82C-4A74-8D5E-66F7F0D7C49C}.Debug|Any CPU.Build.0 = Debug|Any CPU
		{6126BFF0-A82C-4A74-8D5E-66F7F0D7C49C}.Release|Any CPU.ActiveCfg = Release|Any CPU
		{6126BFF0-A82C-4A74-8D5E-66F7F0D7C49C}.Release|Any CPU.Build.0 = Release|Any CPU
		{91DFDA9C-AD60-427B-80CA-A51BA63B516F}.Debug|Any CPU.ActiveCfg = Debug|Any CPU
		{91DFDA9C-AD60-427B-80CA-A51BA63B516F}.Debug|Any CPU.Build.0 = Debug|Any CPU
		{91DFDA9C-AD60-427B-80CA-A51BA63B516F}.Release|Any CPU.ActiveCfg = Release|Any CPU
		{91DFDA9C-AD60-427B-80CA-A51BA63B516F}.Release|Any CPU.Build.0 = Release|Any CPU
		{7A6EEF4F-3561-4DF4-AD07-FEEFF814EFEA}.Debug|Any CPU.ActiveCfg = Debug|Any CPU
		{7A6EEF4F-3561-4DF4-AD07-FEEFF814EFEA}.Debug|Any CPU.Build.0 = Debug|Any CPU
		{7A6EEF4F-3561-4DF4-AD07-FEEFF814EFEA}.Release|Any CPU.ActiveCfg = Release|Any CPU
		{7A6EEF4F-3561-4DF4-AD07-FEEFF814EFEA}.Release|Any CPU.Build.0 = Release|Any CPU
	EndGlobalSection
	GlobalSection(SolutionProperties) = preSolution
		HideSolutionNode = FALSE
	EndGlobalSection
	GlobalSection(NestedProjects) = preSolution
		{EA59C7FD-CD0E-40BE-9DC7-3C139E02534D} = {DDB4EF12-CC4E-5E88-E6FC-71A802F4DE97}
		{50843B7D-AAED-4E1D-AC7E-161E3D422D4A} = {F422F3E4-E895-42E6-BA82-0107F1B7A285}
		{85FBF1B9-A406-4678-9688-1C4C96C11B84} = {1607FF0C-7744-468F-B255-91FA0E716DB2}
		{2EA8AD4E-9035-4D96-B38D-C250D74708FE} = {85FBF1B9-A406-4678-9688-1C4C96C11B84}
		{F422F3E4-E895-42E6-BA82-0107F1B7A285} = {1607FF0C-7744-468F-B255-91FA0E716DB2}
		{10D6F543-9A40-4BC6-AA18-1E29C43E8BAA} = {15893D59-87F3-4173-A21A-446B21F9F542}
		{B964E54C-32A7-47B6-82EB-DF0DAD338127} = {15893D59-87F3-4173-A21A-446B21F9F542}
		{0922088E-A7FE-406B-9AE3-AFE0C469135F} = {1607FF0C-7744-468F-B255-91FA0E716DB2}
		{17A89C66-7998-4AD1-A506-C7EFE0CE4AE6} = {0922088E-A7FE-406B-9AE3-AFE0C469135F}
		{697FEC80-DE5F-F167-2E9C-702E7D330C53} = {85FBF1B9-A406-4678-9688-1C4C96C11B84}
		{8FDA2681-A4D0-43A4-AC70-3BD1750E2E73} = {75BD9E9E-512D-4035-9925-C81D27E947CE}
		{B236897A-26BA-4240-AB48-DE7EDC7106D9} = {75BD9E9E-512D-4035-9925-C81D27E947CE}
		{2167973D-DF2B-435E-8428-5F5F6BA98CE6} = {36F8F5FD-8CA1-4CE0-95D9-DBA9D229E25A}
		{3A95A141-AAD8-CCAB-6F75-1E63A7123829} = {36F8F5FD-8CA1-4CE0-95D9-DBA9D229E25A}
		{94DD345E-7CED-4741-C3E7-505B445CE161} = {2167973D-DF2B-435E-8428-5F5F6BA98CE6}
		{D902C94D-7BC0-4CA8-B150-B4EF951E9925} = {75BD9E9E-512D-4035-9925-C81D27E947CE}
		{43782E45-CEDB-2C9D-3C85-2E5DAB9E8549} = {D902C94D-7BC0-4CA8-B150-B4EF951E9925}
		{4A20A7E5-42BB-490F-975D-87C8AD09088C} = {2883D5B9-823A-4C9B-A557-F2C59AA98AA8}
		{AA6FF88A-293A-4FD8-8CD7-B6D256A8B1B9} = {C93A4505-1AF7-4D39-9215-EA105846594C}
		{01DE8084-27C1-4C82-9307-CB7CB39632BB} = {AA6FF88A-293A-4FD8-8CD7-B6D256A8B1B9}
		{2A3DB665-792A-EF1C-FE4D-1D7C7D679BB4} = {2167973D-DF2B-435E-8428-5F5F6BA98CE6}
		{3E0DCF73-78D3-492A-BAC2-1636C4651D21} = {C93A4505-1AF7-4D39-9215-EA105846594C}
		{F278F24B-E071-43BA-876B-7E4BD3D2ECCA} = {C93A4505-1AF7-4D39-9215-EA105846594C}
		{674FCD7E-82B2-47D0-92EC-A0EE17785C5E} = {AA6FF88A-293A-4FD8-8CD7-B6D256A8B1B9}
		{A3F072DC-AEA0-4931-BD62-4EA5D49A8F7D} = {D224CDB3-E362-46A5-A2F9-08D312AE3239}
		{B009C9DC-4555-4138-931F-E9D7A6D803F0} = {D224CDB3-E362-46A5-A2F9-08D312AE3239}
		{B607F8FF-0C14-456C-968D-F12B3FD184DE} = {B009C9DC-4555-4138-931F-E9D7A6D803F0}
		{D24AE644-6CFA-457D-90B0-3A1309CA4224} = {B009C9DC-4555-4138-931F-E9D7A6D803F0}
		{360D3832-6278-4221-920A-5A934DD9253A} = {D224CDB3-E362-46A5-A2F9-08D312AE3239}
		{CDE488CC-7E31-A2E1-38E0-075BA7884A62} = {B009C9DC-4555-4138-931F-E9D7A6D803F0}
		{2842EF6A-A572-9CC2-A5F3-6845F599FCEB} = {B009C9DC-4555-4138-931F-E9D7A6D803F0}
		{7AAA983C-1673-432E-A45C-6A15BCBCB780} = {3807DF0D-732C-41AE-A1EB-082A70E689CC}
		{3CD79E7D-88B3-42F6-8328-E4546AD18058} = {3807DF0D-732C-41AE-A1EB-082A70E689CC}
		{A0E781B1-852F-43E5-AD68-B0C52C5C9797} = {3807DF0D-732C-41AE-A1EB-082A70E689CC}
		{A9E9DFC5-FEA9-4B8A-88A9-396C4B4DDE62} = {7AAA983C-1673-432E-A45C-6A15BCBCB780}
		{1FC07761-BCA8-44C4-AB18-4FA13F55EE64} = {7AAA983C-1673-432E-A45C-6A15BCBCB780}
		{90916211-278B-47F1-96A0-92F62B3896B1} = {7AAA983C-1673-432E-A45C-6A15BCBCB780}
		{05FE6311-07E3-4018-AA77-1B20FBC0EB7F} = {1AE05DC2-5DA6-4D00-A051-79C5122B0027}
		{8338D900-AB1A-4691-AEAA-500E4840FDAD} = {05FE6311-07E3-4018-AA77-1B20FBC0EB7F}
		{EC4AC882-CE7D-6DC7-79E4-AC30C8F0F538} = {1AE05DC2-5DA6-4D00-A051-79C5122B0027}
		{EBBA423C-05DC-4FBD-AD0B-14DDF112FE6D} = {1AE05DC2-5DA6-4D00-A051-79C5122B0027}
		{933D3CF3-FE2F-46FC-9D76-C800BA7A51FE} = {05FE6311-07E3-4018-AA77-1B20FBC0EB7F}
		{6EF7678A-A725-F430-3097-30F090C0100A} = {9452AFF4-A74B-4E3A-929B-3C4EEAA07AF4}
		{010D0C11-D6A2-3CA6-3281-4E0FD547EC2D} = {9452AFF4-A74B-4E3A-929B-3C4EEAA07AF4}
		{0B48C449-0B35-182D-2B8C-BFE6C8DF0359} = {15893D59-87F3-4173-A21A-446B21F9F542}
		{33CD5AE6-B4DD-447C-8158-872FA1F462AF} = {389129F8-F510-42B4-8821-D298810BEAC8}
		{F7FAE9B5-026D-40E1-B505-66AB20C8549C} = {33CD5AE6-B4DD-447C-8158-872FA1F462AF}
		{414DFFD5-4A0F-DD91-933A-D9585859A325} = {33CD5AE6-B4DD-447C-8158-872FA1F462AF}
		{F01C3B69-9D05-4BEF-26EB-57BAD926097B} = {33CD5AE6-B4DD-447C-8158-872FA1F462AF}
		{4109F16C-CC0F-746C-BB8C-6083813C958C} = {389129F8-F510-42B4-8821-D298810BEAC8}
		{03112415-D99F-42A2-A11C-4E211A80E365} = {15893D59-87F3-4173-A21A-446B21F9F542}
		{8AD2EED6-5142-B9D5-EB8B-BB1A11EC0408} = {F8C7080A-856D-427E-9D70-185E558064C4}
		{EA4A8055-1398-D3D7-71C5-6C05759E8DEC} = {F8C7080A-856D-427E-9D70-185E558064C4}
		{4B98F8A4-19CE-4C9D-A234-B0F317408B68} = {1E335F96-BBAF-413D-9A7B-1DBB9C632ED8}
		{6B2F3633-831A-46BD-AFB3-74959AAA1391} = {1E335F96-BBAF-413D-9A7B-1DBB9C632ED8}
		{AE34B872-3050-4EEC-BACB-A191B4381C73} = {6B2F3633-831A-46BD-AFB3-74959AAA1391}
		{17E7B2D2-E8DE-4B2E-B21F-F84111969152} = {6B2F3633-831A-46BD-AFB3-74959AAA1391}
		{F3788345-20FF-42C7-AFFC-89B87C1F6D2C} = {1E335F96-BBAF-413D-9A7B-1DBB9C632ED8}
		{2C125EEC-91A2-4F5E-A2F2-37DA397B8016} = {6B2F3633-831A-46BD-AFB3-74959AAA1391}
		{2F892418-F6FF-4C73-9C1D-FB633513BCEE} = {1E335F96-BBAF-413D-9A7B-1DBB9C632ED8}
		{9841E224-8B38-40F1-9EB4-E5D6BAF35885} = {6B2F3633-831A-46BD-AFB3-74959AAA1391}
		{F74078D4-A961-4663-9A75-9F939FF54F3C} = {6B2F3633-831A-46BD-AFB3-74959AAA1391}
		{670C7917-5AD7-4EEE-9411-9A7A998BD43D} = {78F655D2-9408-46AC-899C-9573A66D1182}
		{E95057D8-2DBA-431A-A22E-FDDE53BD436F} = {78F655D2-9408-46AC-899C-9573A66D1182}
		{E59C1869-5D0C-446B-BF83-CE0F7DC2AD56} = {78F655D2-9408-46AC-899C-9573A66D1182}
		{8FBDDD79-818E-6752-3B00-45F40DDA6723} = {78F655D2-9408-46AC-899C-9573A66D1182}
		{BE124861-1A89-48F2-BF33-91447ABD7FCF} = {78F655D2-9408-46AC-899C-9573A66D1182}
		{72A7765C-6486-454D-ACCC-2659D38BECF0} = {78F655D2-9408-46AC-899C-9573A66D1182}
		{917BEC49-2824-4BA9-AA3F-D0CAFD15384A} = {343B4DDF-9BCF-4050-9FDB-B14282BB3293}
		{490F5E25-F2B6-4700-AEEA-67C2B0F2A0AB} = {343B4DDF-9BCF-4050-9FDB-B14282BB3293}
		{F752D3BF-E069-4019-A2B4-FF7755ED7F59} = {20FCE2B9-37A9-409C-B87C-F2BC81B1DB8F}
		{248AAFD2-58CB-4F5A-993A-8C846E460DBF} = {20FCE2B9-37A9-409C-B87C-F2BC81B1DB8F}
		{7CD64C44-2560-4F18-B5C8-528A27ED4C44} = {248AAFD2-58CB-4F5A-993A-8C846E460DBF}
		{E7D17DA3-5CCE-46FC-B2AC-7DDC3420C68C} = {43366731-F2F7-4948-A0D6-71AF028DE901}
		{20241B02-69A7-41B0-8A6E-BE80826DF597} = {43366731-F2F7-4948-A0D6-71AF028DE901}
		{FF3BB68E-2969-45E7-8ABB-8EBEFCA7A447} = {20241B02-69A7-41B0-8A6E-BE80826DF597}
		{D79521B9-274E-4B1A-97A4-B565C82D4198} = {43366731-F2F7-4948-A0D6-71AF028DE901}
		{A4A1E95A-C6C5-4437-90D2-E058C5F60E7E} = {43366731-F2F7-4948-A0D6-71AF028DE901}
		{419206CD-BD78-48ED-892F-6831DE6466FB} = {43366731-F2F7-4948-A0D6-71AF028DE901}
		{4AB4D9E0-B325-4F6E-BE97-906AF992C256} = {53B58A13-29BE-4836-8034-0FC5841C8AF7}
		{9AE55288-2CAB-4976-B686-CE42F77438D9} = {53B58A13-29BE-4836-8034-0FC5841C8AF7}
		{6126BFF0-A82C-4A74-8D5E-66F7F0D7C49C} = {9AE55288-2CAB-4976-B686-CE42F77438D9}
		{91DFDA9C-AD60-427B-80CA-A51BA63B516F} = {0777D59E-3FD7-4FD6-9B28-6189947DB75A}
		{58278174-88C0-43CC-8E5B-329D915AF0DF} = {0777D59E-3FD7-4FD6-9B28-6189947DB75A}
		{7A6EEF4F-3561-4DF4-AD07-FEEFF814EFEA} = {58278174-88C0-43CC-8E5B-329D915AF0DF}
	EndGlobalSection
	GlobalSection(ExtensibilityGlobals) = postSolution
		SolutionGuid = {2DA1D154-3454-413C-A2A1-9919FFF561C9}
	EndGlobalSection
EndGlobal
